// !$*UTF8*$!
{
	archiveVersion = 1;
	classes = {
	};
	objectVersion = 46;
	objects = {

/* Begin PBXBuildFile section */
		BFB95BC8742EB849D8431D48 /* libPods-Fade.a in Frameworks */ = {isa = PBXBuildFile; fileRef = FB4C663098752E9AA4FBBE35 /* libPods-Fade.a */; };
		E90BB8AA1EA905D900101D93 /* Fade.xcassets in Resources */ = {isa = PBXBuildFile; fileRef = E90BB8A91EA905D900101D93 /* Fade.xcassets */; };
		E90BB8B21EA90ACB00101D93 /* HomeViewController.m in Sources */ = {isa = PBXBuildFile; fileRef = E90BB8B11EA90ACB00101D93 /* HomeViewController.m */; };
		E90BB8B51EA90AE800101D93 /* DiscoveryViewController.m in Sources */ = {isa = PBXBuildFile; fileRef = E90BB8B41EA90AE800101D93 /* DiscoveryViewController.m */; };
		E90BB8B81EA90AFC00101D93 /* MessageViewController.m in Sources */ = {isa = PBXBuildFile; fileRef = E90BB8B71EA90AFC00101D93 /* MessageViewController.m */; };
		E90BB8BB1EA90B1200101D93 /* UserCenterViewController.m in Sources */ = {isa = PBXBuildFile; fileRef = E90BB8BA1EA90B1200101D93 /* UserCenterViewController.m */; };
		E90BB8CE1EA90C5200101D93 /* SquareViewController.m in Sources */ = {isa = PBXBuildFile; fileRef = E90BB8CD1EA90C5200101D93 /* SquareViewController.m */; };
		E90BB8D31EA9105000101D93 /* CYLPlusButtonSubclass.m in Sources */ = {isa = PBXBuildFile; fileRef = E90BB8D21EA9105000101D93 /* CYLPlusButtonSubclass.m */; };
		E935C1CD1EA4F8C6006222D2 /* main.m in Sources */ = {isa = PBXBuildFile; fileRef = E935C1CC1EA4F8C6006222D2 /* main.m */; };
		E935C1D01EA4F8C6006222D2 /* AppDelegate.m in Sources */ = {isa = PBXBuildFile; fileRef = E935C1CF1EA4F8C6006222D2 /* AppDelegate.m */; };
		E935C1D31EA4F8C6006222D2 /* ViewController.m in Sources */ = {isa = PBXBuildFile; fileRef = E935C1D21EA4F8C6006222D2 /* ViewController.m */; };
		E935C1D61EA4F8C6006222D2 /* Main.storyboard in Resources */ = {isa = PBXBuildFile; fileRef = E935C1D41EA4F8C6006222D2 /* Main.storyboard */; };
		E935C1D81EA4F8C6006222D2 /* Assets.xcassets in Resources */ = {isa = PBXBuildFile; fileRef = E935C1D71EA4F8C6006222D2 /* Assets.xcassets */; };
		E935C1DB1EA4F8C6006222D2 /* LaunchScreen.storyboard in Resources */ = {isa = PBXBuildFile; fileRef = E935C1D91EA4F8C6006222D2 /* LaunchScreen.storyboard */; };
		E935C1E61EA4F8C7006222D2 /* FadeTests.m in Sources */ = {isa = PBXBuildFile; fileRef = E935C1E51EA4F8C7006222D2 /* FadeTests.m */; };
		E935C1F11EA4F8C7006222D2 /* FadeUITests.m in Sources */ = {isa = PBXBuildFile; fileRef = E935C1F01EA4F8C7006222D2 /* FadeUITests.m */; };
/* End PBXBuildFile section */

/* Begin PBXContainerItemProxy section */
		E935C1E21EA4F8C7006222D2 /* PBXContainerItemProxy */ = {
			isa = PBXContainerItemProxy;
			containerPortal = E935C1C01EA4F8C6006222D2 /* Project object */;
			proxyType = 1;
			remoteGlobalIDString = E935C1C71EA4F8C6006222D2;
			remoteInfo = Fade;
		};
		E935C1ED1EA4F8C7006222D2 /* PBXContainerItemProxy */ = {
			isa = PBXContainerItemProxy;
			containerPortal = E935C1C01EA4F8C6006222D2 /* Project object */;
			proxyType = 1;
			remoteGlobalIDString = E935C1C71EA4F8C6006222D2;
			remoteInfo = Fade;
		};
/* End PBXContainerItemProxy section */

/* Begin PBXFileReference section */
		8EB8CACA88D3B6BAC5742223 /* Pods-Fade.release.xcconfig */ = {isa = PBXFileReference; includeInIndex = 1; lastKnownFileType = text.xcconfig; name = "Pods-Fade.release.xcconfig"; path = "Pods/Target Support Files/Pods-Fade/Pods-Fade.release.xcconfig"; sourceTree = "<group>"; };
		D370EB9938E58224CF3149B6 /* Pods-Fade.debug.xcconfig */ = {isa = PBXFileReference; includeInIndex = 1; lastKnownFileType = text.xcconfig; name = "Pods-Fade.debug.xcconfig"; path = "Pods/Target Support Files/Pods-Fade/Pods-Fade.debug.xcconfig"; sourceTree = "<group>"; };
		E90BB8A91EA905D900101D93 /* Fade.xcassets */ = {isa = PBXFileReference; lastKnownFileType = folder.assetcatalog; path = Fade.xcassets; sourceTree = "<group>"; };
		E90BB8B01EA90ACB00101D93 /* HomeViewController.h */ = {isa = PBXFileReference; fileEncoding = 4; lastKnownFileType = sourcecode.c.h; name = HomeViewController.h; path = ../HomeViewController.h; sourceTree = "<group>"; };
		E90BB8B11EA90ACB00101D93 /* HomeViewController.m */ = {isa = PBXFileReference; fileEncoding = 4; lastKnownFileType = sourcecode.c.objc; name = HomeViewController.m; path = ../HomeViewController.m; sourceTree = "<group>"; };
		E90BB8B31EA90AE800101D93 /* DiscoveryViewController.h */ = {isa = PBXFileReference; fileEncoding = 4; lastKnownFileType = sourcecode.c.h; name = DiscoveryViewController.h; path = ../DiscoveryViewController.h; sourceTree = "<group>"; };
		E90BB8B41EA90AE800101D93 /* DiscoveryViewController.m */ = {isa = PBXFileReference; fileEncoding = 4; lastKnownFileType = sourcecode.c.objc; name = DiscoveryViewController.m; path = ../DiscoveryViewController.m; sourceTree = "<group>"; };
		E90BB8B61EA90AFC00101D93 /* MessageViewController.h */ = {isa = PBXFileReference; fileEncoding = 4; lastKnownFileType = sourcecode.c.h; name = MessageViewController.h; path = ../MessageViewController.h; sourceTree = "<group>"; };
		E90BB8B71EA90AFC00101D93 /* MessageViewController.m */ = {isa = PBXFileReference; fileEncoding = 4; lastKnownFileType = sourcecode.c.objc; name = MessageViewController.m; path = ../MessageViewController.m; sourceTree = "<group>"; };
		E90BB8B91EA90B1200101D93 /* UserCenterViewController.h */ = {isa = PBXFileReference; fileEncoding = 4; lastKnownFileType = sourcecode.c.h; name = UserCenterViewController.h; path = ../UserCenterViewController.h; sourceTree = "<group>"; };
		E90BB8BA1EA90B1200101D93 /* UserCenterViewController.m */ = {isa = PBXFileReference; fileEncoding = 4; lastKnownFileType = sourcecode.c.objc; name = UserCenterViewController.m; path = ../UserCenterViewController.m; sourceTree = "<group>"; };
		E90BB8CC1EA90C5200101D93 /* SquareViewController.h */ = {isa = PBXFileReference; fileEncoding = 4; lastKnownFileType = sourcecode.c.h; path = SquareViewController.h; sourceTree = "<group>"; };
		E90BB8CD1EA90C5200101D93 /* SquareViewController.m */ = {isa = PBXFileReference; fileEncoding = 4; lastKnownFileType = sourcecode.c.objc; path = SquareViewController.m; sourceTree = "<group>"; };
		E90BB8D11EA9105000101D93 /* CYLPlusButtonSubclass.h */ = {isa = PBXFileReference; fileEncoding = 4; lastKnownFileType = sourcecode.c.h; path = CYLPlusButtonSubclass.h; sourceTree = "<group>"; };
		E90BB8D21EA9105000101D93 /* CYLPlusButtonSubclass.m */ = {isa = PBXFileReference; fileEncoding = 4; lastKnownFileType = sourcecode.c.objc; path = CYLPlusButtonSubclass.m; sourceTree = "<group>"; };
		E935C1C81EA4F8C6006222D2 /* Fade.app */ = {isa = PBXFileReference; explicitFileType = wrapper.application; includeInIndex = 0; path = Fade.app; sourceTree = BUILT_PRODUCTS_DIR; };
		E935C1CC1EA4F8C6006222D2 /* main.m */ = {isa = PBXFileReference; lastKnownFileType = sourcecode.c.objc; path = main.m; sourceTree = "<group>"; };
		E935C1CE1EA4F8C6006222D2 /* AppDelegate.h */ = {isa = PBXFileReference; lastKnownFileType = sourcecode.c.h; path = AppDelegate.h; sourceTree = "<group>"; };
		E935C1CF1EA4F8C6006222D2 /* AppDelegate.m */ = {isa = PBXFileReference; lastKnownFileType = sourcecode.c.objc; path = AppDelegate.m; sourceTree = "<group>"; };
		E935C1D11EA4F8C6006222D2 /* ViewController.h */ = {isa = PBXFileReference; lastKnownFileType = sourcecode.c.h; path = ViewController.h; sourceTree = "<group>"; };
		E935C1D21EA4F8C6006222D2 /* ViewController.m */ = {isa = PBXFileReference; lastKnownFileType = sourcecode.c.objc; path = ViewController.m; sourceTree = "<group>"; };
		E935C1D51EA4F8C6006222D2 /* Base */ = {isa = PBXFileReference; lastKnownFileType = file.storyboard; name = Base; path = Base.lproj/Main.storyboard; sourceTree = "<group>"; };
		E935C1D71EA4F8C6006222D2 /* Assets.xcassets */ = {isa = PBXFileReference; lastKnownFileType = folder.assetcatalog; path = Assets.xcassets; sourceTree = "<group>"; };
		E935C1DA1EA4F8C6006222D2 /* Base */ = {isa = PBXFileReference; lastKnownFileType = file.storyboard; name = Base; path = Base.lproj/LaunchScreen.storyboard; sourceTree = "<group>"; };
		E935C1DC1EA4F8C6006222D2 /* Info.plist */ = {isa = PBXFileReference; lastKnownFileType = text.plist.xml; path = Info.plist; sourceTree = "<group>"; };
		E935C1E11EA4F8C7006222D2 /* FadeTests.xctest */ = {isa = PBXFileReference; explicitFileType = wrapper.cfbundle; includeInIndex = 0; path = FadeTests.xctest; sourceTree = BUILT_PRODUCTS_DIR; };
		E935C1E51EA4F8C7006222D2 /* FadeTests.m */ = {isa = PBXFileReference; lastKnownFileType = sourcecode.c.objc; path = FadeTests.m; sourceTree = "<group>"; };
		E935C1E71EA4F8C7006222D2 /* Info.plist */ = {isa = PBXFileReference; lastKnownFileType = text.plist.xml; path = Info.plist; sourceTree = "<group>"; };
		E935C1EC1EA4F8C7006222D2 /* FadeUITests.xctest */ = {isa = PBXFileReference; explicitFileType = wrapper.cfbundle; includeInIndex = 0; path = FadeUITests.xctest; sourceTree = BUILT_PRODUCTS_DIR; };
		E935C1F01EA4F8C7006222D2 /* FadeUITests.m */ = {isa = PBXFileReference; lastKnownFileType = sourcecode.c.objc; path = FadeUITests.m; sourceTree = "<group>"; };
		E935C1F21EA4F8C7006222D2 /* Info.plist */ = {isa = PBXFileReference; lastKnownFileType = text.plist.xml; path = Info.plist; sourceTree = "<group>"; };
		FB4C663098752E9AA4FBBE35 /* libPods-Fade.a */ = {isa = PBXFileReference; explicitFileType = archive.ar; includeInIndex = 0; path = "libPods-Fade.a"; sourceTree = BUILT_PRODUCTS_DIR; };
/* End PBXFileReference section */

/* Begin PBXFrameworksBuildPhase section */
		E935C1C51EA4F8C6006222D2 /* Frameworks */ = {
			isa = PBXFrameworksBuildPhase;
			buildActionMask = 2147483647;
			files = (
				BFB95BC8742EB849D8431D48 /* libPods-Fade.a in Frameworks */,
			);
			runOnlyForDeploymentPostprocessing = 0;
		};
		E935C1DE1EA4F8C7006222D2 /* Frameworks */ = {
			isa = PBXFrameworksBuildPhase;
			buildActionMask = 2147483647;
			files = (
			);
			runOnlyForDeploymentPostprocessing = 0;
		};
		E935C1E91EA4F8C7006222D2 /* Frameworks */ = {
			isa = PBXFrameworksBuildPhase;
			buildActionMask = 2147483647;
			files = (
			);
			runOnlyForDeploymentPostprocessing = 0;
		};
/* End PBXFrameworksBuildPhase section */

/* Begin PBXGroup section */
		2DD4BA89EB1101A557B15948 /* Frameworks */ = {
			isa = PBXGroup;
			children = (
				FB4C663098752E9AA4FBBE35 /* libPods-Fade.a */,
			);
			name = Frameworks;
			sourceTree = "<group>";
		};
		D5107E518173B0C90AA3C28F /* Pods */ = {
			isa = PBXGroup;
			children = (
				D370EB9938E58224CF3149B6 /* Pods-Fade.debug.xcconfig */,
				8EB8CACA88D3B6BAC5742223 /* Pods-Fade.release.xcconfig */,
			);
			name = Pods;
			sourceTree = "<group>";
		};
		E90BB8A71EA904FD00101D93 /* Resource */ = {
			isa = PBXGroup;
			children = (
				E90BB8A91EA905D900101D93 /* Fade.xcassets */,
			);
			path = Resource;
			sourceTree = "<group>";
		};
		E90BB8AB1EA906D900101D93 /* 业务 */ = {
			isa = PBXGroup;
			children = (
				E90BB8CF1EA9103C00101D93 /* Base */,
				E90BB8C81EA90C3A00101D93 /* Square */,
				E90BB8AC1EA9071600101D93 /* 我的 */,
				E90BB8AD1EA9071600101D93 /* Discovery */,
				E90BB8AE1EA9071600101D93 /* Home */,
				E90BB8AF1EA9071600101D93 /* Message */,
			);
			path = "业务";
			sourceTree = "<group>";
		};
		E90BB8AC1EA9071600101D93 /* 我的 */ = {
			isa = PBXGroup;
			children = (
				E90BB8BC1EA90C0700101D93 /* Controllers */,
				E90BB8BD1EA90C0700101D93 /* Models */,
				E90BB8BE1EA90C0700101D93 /* Views */,
			);
			path = "我的";
			sourceTree = "<group>";
		};
		E90BB8AD1EA9071600101D93 /* Discovery */ = {
			isa = PBXGroup;
			children = (
				E90BB8BF1EA90C1300101D93 /* Controllers */,
				E90BB8C01EA90C1300101D93 /* Models */,
				E90BB8C11EA90C1300101D93 /* Views */,
			);
			path = Discovery;
			sourceTree = "<group>";
		};
		E90BB8AE1EA9071600101D93 /* Home */ = {
			isa = PBXGroup;
			children = (
				E90BB8C21EA90C2100101D93 /* Controllers */,
				E90BB8C31EA90C2100101D93 /* Models */,
				E90BB8C41EA90C2100101D93 /* Views */,
			);
			path = Home;
			sourceTree = "<group>";
		};
		E90BB8AF1EA9071600101D93 /* Message */ = {
			isa = PBXGroup;
			children = (
				E90BB8C51EA90C2B00101D93 /* Controllers */,
				E90BB8C61EA90C2B00101D93 /* Models */,
				E90BB8C71EA90C2B00101D93 /* Views */,
			);
			path = Message;
			sourceTree = "<group>";
		};
		E90BB8BC1EA90C0700101D93 /* Controllers */ = {
			isa = PBXGroup;
			children = (
				E90BB8B91EA90B1200101D93 /* UserCenterViewController.h */,
				E90BB8BA1EA90B1200101D93 /* UserCenterViewController.m */,
			);
			path = Controllers;
			sourceTree = "<group>";
		};
		E90BB8BD1EA90C0700101D93 /* Models */ = {
			isa = PBXGroup;
			children = (
			);
			path = Models;
			sourceTree = "<group>";
		};
		E90BB8BE1EA90C0700101D93 /* Views */ = {
			isa = PBXGroup;
			children = (
			);
			path = Views;
			sourceTree = "<group>";
		};
		E90BB8BF1EA90C1300101D93 /* Controllers */ = {
			isa = PBXGroup;
			children = (
				E90BB8B31EA90AE800101D93 /* DiscoveryViewController.h */,
				E90BB8B41EA90AE800101D93 /* DiscoveryViewController.m */,
			);
			path = Controllers;
			sourceTree = "<group>";
		};
		E90BB8C01EA90C1300101D93 /* Models */ = {
			isa = PBXGroup;
			children = (
			);
			path = Models;
			sourceTree = "<group>";
		};
		E90BB8C11EA90C1300101D93 /* Views */ = {
			isa = PBXGroup;
			children = (
			);
			path = Views;
			sourceTree = "<group>";
		};
		E90BB8C21EA90C2100101D93 /* Controllers */ = {
			isa = PBXGroup;
			children = (
				E90BB8B01EA90ACB00101D93 /* HomeViewController.h */,
				E90BB8B11EA90ACB00101D93 /* HomeViewController.m */,
			);
			path = Controllers;
			sourceTree = "<group>";
		};
		E90BB8C31EA90C2100101D93 /* Models */ = {
			isa = PBXGroup;
			children = (
			);
			path = Models;
			sourceTree = "<group>";
		};
		E90BB8C41EA90C2100101D93 /* Views */ = {
			isa = PBXGroup;
			children = (
			);
			path = Views;
			sourceTree = "<group>";
		};
		E90BB8C51EA90C2B00101D93 /* Controllers */ = {
			isa = PBXGroup;
			children = (
				E90BB8B61EA90AFC00101D93 /* MessageViewController.h */,
				E90BB8B71EA90AFC00101D93 /* MessageViewController.m */,
			);
			path = Controllers;
			sourceTree = "<group>";
		};
		E90BB8C61EA90C2B00101D93 /* Models */ = {
			isa = PBXGroup;
			children = (
			);
			path = Models;
			sourceTree = "<group>";
		};
		E90BB8C71EA90C2B00101D93 /* Views */ = {
			isa = PBXGroup;
			children = (
			);
			path = Views;
			sourceTree = "<group>";
		};
		E90BB8C81EA90C3A00101D93 /* Square */ = {
			isa = PBXGroup;
			children = (
				E90BB8C91EA90C3A00101D93 /* Controllers */,
				E90BB8CA1EA90C3A00101D93 /* Models */,
				E90BB8CB1EA90C3A00101D93 /* Views */,
			);
			path = Square;
			sourceTree = "<group>";
		};
		E90BB8C91EA90C3A00101D93 /* Controllers */ = {
			isa = PBXGroup;
			children = (
				E90BB8CC1EA90C5200101D93 /* SquareViewController.h */,
				E90BB8CD1EA90C5200101D93 /* SquareViewController.m */,
			);
			path = Controllers;
			sourceTree = "<group>";
		};
		E90BB8CA1EA90C3A00101D93 /* Models */ = {
			isa = PBXGroup;
			children = (
			);
			path = Models;
			sourceTree = "<group>";
		};
		E90BB8CB1EA90C3A00101D93 /* Views */ = {
			isa = PBXGroup;
			children = (
			);
			path = Views;
			sourceTree = "<group>";
		};
		E90BB8CF1EA9103C00101D93 /* Base */ = {
			isa = PBXGroup;
			children = (
				E90BB8D01EA9103C00101D93 /* Views */,
			);
			path = Base;
			sourceTree = "<group>";
		};
		E90BB8D01EA9103C00101D93 /* Views */ = {
			isa = PBXGroup;
			children = (
				E90BB8D11EA9105000101D93 /* CYLPlusButtonSubclass.h */,
				E90BB8D21EA9105000101D93 /* CYLPlusButtonSubclass.m */,
			);
			path = Views;
			sourceTree = "<group>";
		};
		E935C1BF1EA4F8C6006222D2 = {
			isa = PBXGroup;
			children = (
				E935C1CA1EA4F8C6006222D2 /* Fade */,
				E935C1E41EA4F8C7006222D2 /* FadeTests */,
				E935C1EF1EA4F8C7006222D2 /* FadeUITests */,
				E935C1C91EA4F8C6006222D2 /* Products */,
				D5107E518173B0C90AA3C28F /* Pods */,
				2DD4BA89EB1101A557B15948 /* Frameworks */,
			);
			sourceTree = "<group>";
		};
		E935C1C91EA4F8C6006222D2 /* Products */ = {
			isa = PBXGroup;
			children = (
				E935C1C81EA4F8C6006222D2 /* Fade.app */,
				E935C1E11EA4F8C7006222D2 /* FadeTests.xctest */,
				E935C1EC1EA4F8C7006222D2 /* FadeUITests.xctest */,
			);
			name = Products;
			sourceTree = "<group>";
		};
		E935C1CA1EA4F8C6006222D2 /* Fade */ = {
			isa = PBXGroup;
			children = (
				E90BB8AB1EA906D900101D93 /* 业务 */,
				E90BB8A71EA904FD00101D93 /* Resource */,
				E935C1CE1EA4F8C6006222D2 /* AppDelegate.h */,
				E935C1CF1EA4F8C6006222D2 /* AppDelegate.m */,
				E935C1D11EA4F8C6006222D2 /* ViewController.h */,
				E935C1D21EA4F8C6006222D2 /* ViewController.m */,
				E935C1D41EA4F8C6006222D2 /* Main.storyboard */,
				E935C1D71EA4F8C6006222D2 /* Assets.xcassets */,
				E935C1D91EA4F8C6006222D2 /* LaunchScreen.storyboard */,
				E935C1DC1EA4F8C6006222D2 /* Info.plist */,
				E935C1CB1EA4F8C6006222D2 /* Supporting Files */,
			);
			path = Fade;
			sourceTree = "<group>";
		};
		E935C1CB1EA4F8C6006222D2 /* Supporting Files */ = {
			isa = PBXGroup;
			children = (
				E935C1CC1EA4F8C6006222D2 /* main.m */,
			);
			name = "Supporting Files";
			sourceTree = "<group>";
		};
		E935C1E41EA4F8C7006222D2 /* FadeTests */ = {
			isa = PBXGroup;
			children = (
				E935C1E51EA4F8C7006222D2 /* FadeTests.m */,
				E935C1E71EA4F8C7006222D2 /* Info.plist */,
			);
			path = FadeTests;
			sourceTree = "<group>";
		};
		E935C1EF1EA4F8C7006222D2 /* FadeUITests */ = {
			isa = PBXGroup;
			children = (
				E935C1F01EA4F8C7006222D2 /* FadeUITests.m */,
				E935C1F21EA4F8C7006222D2 /* Info.plist */,
			);
			path = FadeUITests;
			sourceTree = "<group>";
		};
/* End PBXGroup section */

/* Begin PBXNativeTarget section */
		E935C1C71EA4F8C6006222D2 /* Fade */ = {
			isa = PBXNativeTarget;
			buildConfigurationList = E935C1F51EA4F8C7006222D2 /* Build configuration list for PBXNativeTarget "Fade" */;
			buildPhases = (
				1D4D08F31752E01FE35ECB1F /* [CP] Check Pods Manifest.lock */,
				E935C1C41EA4F8C6006222D2 /* Sources */,
				E935C1C51EA4F8C6006222D2 /* Frameworks */,
				E935C1C61EA4F8C6006222D2 /* Resources */,
				5108F909F88E260396586FE3 /* [CP] Embed Pods Frameworks */,
				9EE96292E9DA83F95F751983 /* [CP] Copy Pods Resources */,
			);
			buildRules = (
			);
			dependencies = (
			);
			name = Fade;
			productName = Fade;
			productReference = E935C1C81EA4F8C6006222D2 /* Fade.app */;
			productType = "com.apple.product-type.application";
		};
		E935C1E01EA4F8C7006222D2 /* FadeTests */ = {
			isa = PBXNativeTarget;
			buildConfigurationList = E935C1F81EA4F8C7006222D2 /* Build configuration list for PBXNativeTarget "FadeTests" */;
			buildPhases = (
				E935C1DD1EA4F8C7006222D2 /* Sources */,
				E935C1DE1EA4F8C7006222D2 /* Frameworks */,
				E935C1DF1EA4F8C7006222D2 /* Resources */,
			);
			buildRules = (
			);
			dependencies = (
				E935C1E31EA4F8C7006222D2 /* PBXTargetDependency */,
			);
			name = FadeTests;
			productName = FadeTests;
			productReference = E935C1E11EA4F8C7006222D2 /* FadeTests.xctest */;
			productType = "com.apple.product-type.bundle.unit-test";
		};
		E935C1EB1EA4F8C7006222D2 /* FadeUITests */ = {
			isa = PBXNativeTarget;
			buildConfigurationList = E935C1FB1EA4F8C7006222D2 /* Build configuration list for PBXNativeTarget "FadeUITests" */;
			buildPhases = (
				E935C1E81EA4F8C7006222D2 /* Sources */,
				E935C1E91EA4F8C7006222D2 /* Frameworks */,
				E935C1EA1EA4F8C7006222D2 /* Resources */,
			);
			buildRules = (
			);
			dependencies = (
				E935C1EE1EA4F8C7006222D2 /* PBXTargetDependency */,
			);
			name = FadeUITests;
			productName = FadeUITests;
			productReference = E935C1EC1EA4F8C7006222D2 /* FadeUITests.xctest */;
			productType = "com.apple.product-type.bundle.ui-testing";
		};
/* End PBXNativeTarget section */

/* Begin PBXProject section */
		E935C1C01EA4F8C6006222D2 /* Project object */ = {
			isa = PBXProject;
			attributes = {
				LastUpgradeCheck = 0730;
				ORGANIZATIONNAME = liuxukun;
				TargetAttributes = {
					E935C1C71EA4F8C6006222D2 = {
						CreatedOnToolsVersion = 7.3.1;
					};
					E935C1E01EA4F8C7006222D2 = {
						CreatedOnToolsVersion = 7.3.1;
						TestTargetID = E935C1C71EA4F8C6006222D2;
					};
					E935C1EB1EA4F8C7006222D2 = {
						CreatedOnToolsVersion = 7.3.1;
						TestTargetID = E935C1C71EA4F8C6006222D2;
					};
				};
			};
			buildConfigurationList = E935C1C31EA4F8C6006222D2 /* Build configuration list for PBXProject "Fade" */;
			compatibilityVersion = "Xcode 3.2";
			developmentRegion = English;
			hasScannedForEncodings = 0;
			knownRegions = (
				en,
				Base,
			);
			mainGroup = E935C1BF1EA4F8C6006222D2;
			productRefGroup = E935C1C91EA4F8C6006222D2 /* Products */;
			projectDirPath = "";
			projectRoot = "";
			targets = (
				E935C1C71EA4F8C6006222D2 /* Fade */,
				E935C1E01EA4F8C7006222D2 /* FadeTests */,
				E935C1EB1EA4F8C7006222D2 /* FadeUITests */,
			);
		};
/* End PBXProject section */

/* Begin PBXResourcesBuildPhase section */
		E935C1C61EA4F8C6006222D2 /* Resources */ = {
			isa = PBXResourcesBuildPhase;
			buildActionMask = 2147483647;
			files = (
				E935C1DB1EA4F8C6006222D2 /* LaunchScreen.storyboard in Resources */,
				E90BB8AA1EA905D900101D93 /* Fade.xcassets in Resources */,
				E935C1D81EA4F8C6006222D2 /* Assets.xcassets in Resources */,
				E935C1D61EA4F8C6006222D2 /* Main.storyboard in Resources */,
			);
			runOnlyForDeploymentPostprocessing = 0;
		};
		E935C1DF1EA4F8C7006222D2 /* Resources */ = {
			isa = PBXResourcesBuildPhase;
			buildActionMask = 2147483647;
			files = (
			);
			runOnlyForDeploymentPostprocessing = 0;
		};
		E935C1EA1EA4F8C7006222D2 /* Resources */ = {
			isa = PBXResourcesBuildPhase;
			buildActionMask = 2147483647;
			files = (
			);
			runOnlyForDeploymentPostprocessing = 0;
		};
/* End PBXResourcesBuildPhase section */

/* Begin PBXShellScriptBuildPhase section */
		1D4D08F31752E01FE35ECB1F /* [CP] Check Pods Manifest.lock */ = {
			isa = PBXShellScriptBuildPhase;
			buildActionMask = 2147483647;
			files = (
			);
			inputPaths = (
			);
			name = "[CP] Check Pods Manifest.lock";
			outputPaths = (
			);
			runOnlyForDeploymentPostprocessing = 0;
			shellPath = /bin/sh;
			shellScript = "diff \"${PODS_ROOT}/../Podfile.lock\" \"${PODS_ROOT}/Manifest.lock\" > /dev/null\nif [ $? != 0 ] ; then\n    # print error to STDERR\n    echo \"error: The sandbox is not in sync with the Podfile.lock. Run 'pod install' or update your CocoaPods installation.\" >&2\n    exit 1\nfi\n";
			showEnvVarsInLog = 0;
		};
		5108F909F88E260396586FE3 /* [CP] Embed Pods Frameworks */ = {
			isa = PBXShellScriptBuildPhase;
			buildActionMask = 2147483647;
			files = (
			);
			inputPaths = (
			);
			name = "[CP] Embed Pods Frameworks";
			outputPaths = (
			);
			runOnlyForDeploymentPostprocessing = 0;
			shellPath = /bin/sh;
			shellScript = "\"${SRCROOT}/Pods/Target Support Files/Pods-Fade/Pods-Fade-frameworks.sh\"\n";
			showEnvVarsInLog = 0;
		};
		9EE96292E9DA83F95F751983 /* [CP] Copy Pods Resources */ = {
			isa = PBXShellScriptBuildPhase;
			buildActionMask = 2147483647;
			files = (
			);
			inputPaths = (
			);
			name = "[CP] Copy Pods Resources";
			outputPaths = (
			);
			runOnlyForDeploymentPostprocessing = 0;
			shellPath = /bin/sh;
			shellScript = "\"${SRCROOT}/Pods/Target Support Files/Pods-Fade/Pods-Fade-resources.sh\"\n";
			showEnvVarsInLog = 0;
		};
/* End PBXShellScriptBuildPhase section */

/* Begin PBXSourcesBuildPhase section */
		E935C1C41EA4F8C6006222D2 /* Sources */ = {
			isa = PBXSourcesBuildPhase;
			buildActionMask = 2147483647;
			files = (
				E90BB8D31EA9105000101D93 /* CYLPlusButtonSubclass.m in Sources */,
				E90BB8B81EA90AFC00101D93 /* MessageViewController.m in Sources */,
				E90BB8CE1EA90C5200101D93 /* SquareViewController.m in Sources */,
				E935C1D31EA4F8C6006222D2 /* ViewController.m in Sources */,
				E90BB8BB1EA90B1200101D93 /* UserCenterViewController.m in Sources */,
				E935C1D01EA4F8C6006222D2 /* AppDelegate.m in Sources */,
				E935C1CD1EA4F8C6006222D2 /* main.m in Sources */,
				E90BB8B21EA90ACB00101D93 /* HomeViewController.m in Sources */,
				E90BB8B51EA90AE800101D93 /* DiscoveryViewController.m in Sources */,
			);
			runOnlyForDeploymentPostprocessing = 0;
		};
		E935C1DD1EA4F8C7006222D2 /* Sources */ = {
			isa = PBXSourcesBuildPhase;
			buildActionMask = 2147483647;
			files = (
				E935C1E61EA4F8C7006222D2 /* FadeTests.m in Sources */,
			);
			runOnlyForDeploymentPostprocessing = 0;
		};
		E935C1E81EA4F8C7006222D2 /* Sources */ = {
			isa = PBXSourcesBuildPhase;
			buildActionMask = 2147483647;
			files = (
				E935C1F11EA4F8C7006222D2 /* FadeUITests.m in Sources */,
			);
			runOnlyForDeploymentPostprocessing = 0;
		};
/* End PBXSourcesBuildPhase section */

/* Begin PBXTargetDependency section */
		E935C1E31EA4F8C7006222D2 /* PBXTargetDependency */ = {
			isa = PBXTargetDependency;
			target = E935C1C71EA4F8C6006222D2 /* Fade */;
			targetProxy = E935C1E21EA4F8C7006222D2 /* PBXContainerItemProxy */;
		};
		E935C1EE1EA4F8C7006222D2 /* PBXTargetDependency */ = {
			isa = PBXTargetDependency;
			target = E935C1C71EA4F8C6006222D2 /* Fade */;
			targetProxy = E935C1ED1EA4F8C7006222D2 /* PBXContainerItemProxy */;
		};
/* End PBXTargetDependency section */

/* Begin PBXVariantGroup section */
		E935C1D41EA4F8C6006222D2 /* Main.storyboard */ = {
			isa = PBXVariantGroup;
			children = (
				E935C1D51EA4F8C6006222D2 /* Base */,
			);
			name = Main.storyboard;
			sourceTree = "<group>";
		};
		E935C1D91EA4F8C6006222D2 /* LaunchScreen.storyboard */ = {
			isa = PBXVariantGroup;
			children = (
				E935C1DA1EA4F8C6006222D2 /* Base */,
			);
			name = LaunchScreen.storyboard;
			sourceTree = "<group>";
		};
/* End PBXVariantGroup section */

/* Begin XCBuildConfiguration section */
		E935C1F31EA4F8C7006222D2 /* Debug */ = {
			isa = XCBuildConfiguration;
			buildSettings = {
				ALWAYS_SEARCH_USER_PATHS = NO;
				CLANG_ANALYZER_NONNULL = YES;
				CLANG_CXX_LANGUAGE_STANDARD = "gnu++0x";
				CLANG_CXX_LIBRARY = "libc++";
				CLANG_ENABLE_MODULES = YES;
				CLANG_ENABLE_OBJC_ARC = YES;
				CLANG_WARN_BOOL_CONVERSION = YES;
				CLANG_WARN_CONSTANT_CONVERSION = YES;
				CLANG_WARN_DIRECT_OBJC_ISA_USAGE = YES_ERROR;
				CLANG_WARN_EMPTY_BODY = YES;
				CLANG_WARN_ENUM_CONVERSION = YES;
				CLANG_WARN_INT_CONVERSION = YES;
				CLANG_WARN_OBJC_ROOT_CLASS = YES_ERROR;
				CLANG_WARN_UNREACHABLE_CODE = YES;
				CLANG_WARN__DUPLICATE_METHOD_MATCH = YES;
				"CODE_SIGN_IDENTITY[sdk=iphoneos*]" = "iPhone Developer";
				COPY_PHASE_STRIP = NO;
				DEBUG_INFORMATION_FORMAT = dwarf;
				ENABLE_STRICT_OBJC_MSGSEND = YES;
				ENABLE_TESTABILITY = YES;
				GCC_C_LANGUAGE_STANDARD = gnu99;
				GCC_DYNAMIC_NO_PIC = NO;
				GCC_NO_COMMON_BLOCKS = YES;
				GCC_OPTIMIZATION_LEVEL = 0;
				GCC_PREPROCESSOR_DEFINITIONS = (
					"DEBUG=1",
					"$(inherited)",
				);
				GCC_WARN_64_TO_32_BIT_CONVERSION = YES;
				GCC_WARN_ABOUT_RETURN_TYPE = YES_ERROR;
				GCC_WARN_UNDECLARED_SELECTOR = YES;
				GCC_WARN_UNINITIALIZED_AUTOS = YES_AGGRESSIVE;
				GCC_WARN_UNUSED_FUNCTION = YES;
				GCC_WARN_UNUSED_VARIABLE = YES;
				IPHONEOS_DEPLOYMENT_TARGET = 9.3;
				MTL_ENABLE_DEBUG_INFO = YES;
				ONLY_ACTIVE_ARCH = YES;
				SDKROOT = iphoneos;
			};
			name = Debug;
		};
		E935C1F41EA4F8C7006222D2 /* Release */ = {
			isa = XCBuildConfiguration;
			buildSettings = {
				ALWAYS_SEARCH_USER_PATHS = NO;
				CLANG_ANALYZER_NONNULL = YES;
				CLANG_CXX_LANGUAGE_STANDARD = "gnu++0x";
				CLANG_CXX_LIBRARY = "libc++";
				CLANG_ENABLE_MODULES = YES;
				CLANG_ENABLE_OBJC_ARC = YES;
				CLANG_WARN_BOOL_CONVERSION = YES;
				CLANG_WARN_CONSTANT_CONVERSION = YES;
				CLANG_WARN_DIRECT_OBJC_ISA_USAGE = YES_ERROR;
				CLANG_WARN_EMPTY_BODY = YES;
				CLANG_WARN_ENUM_CONVERSION = YES;
				CLANG_WARN_INT_CONVERSION = YES;
				CLANG_WARN_OBJC_ROOT_CLASS = YES_ERROR;
				CLANG_WARN_UNREACHABLE_CODE = YES;
				CLANG_WARN__DUPLICATE_METHOD_MATCH = YES;
				"CODE_SIGN_IDENTITY[sdk=iphoneos*]" = "iPhone Developer";
				COPY_PHASE_STRIP = NO;
				DEBUG_INFORMATION_FORMAT = "dwarf-with-dsym";
				ENABLE_NS_ASSERTIONS = NO;
				ENABLE_STRICT_OBJC_MSGSEND = YES;
				GCC_C_LANGUAGE_STANDARD = gnu99;
				GCC_NO_COMMON_BLOCKS = YES;
				GCC_WARN_64_TO_32_BIT_CONVERSION = YES;
				GCC_WARN_ABOUT_RETURN_TYPE = YES_ERROR;
				GCC_WARN_UNDECLARED_SELECTOR = YES;
				GCC_WARN_UNINITIALIZED_AUTOS = YES_AGGRESSIVE;
				GCC_WARN_UNUSED_FUNCTION = YES;
				GCC_WARN_UNUSED_VARIABLE = YES;
				IPHONEOS_DEPLOYMENT_TARGET = 9.3;
				MTL_ENABLE_DEBUG_INFO = NO;
				SDKROOT = iphoneos;
				VALIDATE_PRODUCT = YES;
			};
			name = Release;
		};
		E935C1F61EA4F8C7006222D2 /* Debug */ = {
			isa = XCBuildConfiguration;
			baseConfigurationReference = D370EB9938E58224CF3149B6 /* Pods-Fade.debug.xcconfig */;
			buildSettings = {
				ASSETCATALOG_COMPILER_APPICON_NAME = AppIcon;
				INFOPLIST_FILE = Fade/Info.plist;
				LD_RUNPATH_SEARCH_PATHS = "$(inherited) @executable_path/Frameworks";
				PRODUCT_BUNDLE_IDENTIFIER = chinasofti.Fade;
				PRODUCT_NAME = "$(TARGET_NAME)";
			};
			name = Debug;
		};
		E935C1F71EA4F8C7006222D2 /* Release */ = {
			isa = XCBuildConfiguration;
			baseConfigurationReference = 8EB8CACA88D3B6BAC5742223 /* Pods-Fade.release.xcconfig */;
			buildSettings = {
				ASSETCATALOG_COMPILER_APPICON_NAME = AppIcon;
				INFOPLIST_FILE = Fade/Info.plist;
				LD_RUNPATH_SEARCH_PATHS = "$(inherited) @executable_path/Frameworks";
				PRODUCT_BUNDLE_IDENTIFIER = chinasofti.Fade;
				PRODUCT_NAME = "$(TARGET_NAME)";
			};
			name = Release;
		};
		E935C1F91EA4F8C7006222D2 /* Debug */ = {
			isa = XCBuildConfiguration;
			buildSettings = {
				BUNDLE_LOADER = "$(TEST_HOST)";
				INFOPLIST_FILE = FadeTests/Info.plist;
				LD_RUNPATH_SEARCH_PATHS = "$(inherited) @executable_path/Frameworks @loader_path/Frameworks";
				PRODUCT_BUNDLE_IDENTIFIER = chinasofti.FadeTests;
				PRODUCT_NAME = "$(TARGET_NAME)";
				TEST_HOST = "$(BUILT_PRODUCTS_DIR)/Fade.app/Fade";
			};
			name = Debug;
		};
		E935C1FA1EA4F8C7006222D2 /* Release */ = {
			isa = XCBuildConfiguration;
			buildSettings = {
				BUNDLE_LOADER = "$(TEST_HOST)";
				INFOPLIST_FILE = FadeTests/Info.plist;
				LD_RUNPATH_SEARCH_PATHS = "$(inherited) @executable_path/Frameworks @loader_path/Frameworks";
				PRODUCT_BUNDLE_IDENTIFIER = chinasofti.FadeTests;
				PRODUCT_NAME = "$(TARGET_NAME)";
				TEST_HOST = "$(BUILT_PRODUCTS_DIR)/Fade.app/Fade";
			};
			name = Release;
		};
		E935C1FC1EA4F8C7006222D2 /* Debug */ = {
			isa = XCBuildConfiguration;
			buildSettings = {
				INFOPLIST_FILE = FadeUITests/Info.plist;
				LD_RUNPATH_SEARCH_PATHS = "$(inherited) @executable_path/Frameworks @loader_path/Frameworks";
				PRODUCT_BUNDLE_IDENTIFIER = chinasofti.FadeUITests;
				PRODUCT_NAME = "$(TARGET_NAME)";
				TEST_TARGET_NAME = Fade;
			};
			name = Debug;
		};
		E935C1FD1EA4F8C7006222D2 /* Release */ = {
			isa = XCBuildConfiguration;
			buildSettings = {
				INFOPLIST_FILE = FadeUITests/Info.plist;
				LD_RUNPATH_SEARCH_PATHS = "$(inherited) @executable_path/Frameworks @loader_path/Frameworks";
				PRODUCT_BUNDLE_IDENTIFIER = chinasofti.FadeUITests;
				PRODUCT_NAME = "$(TARGET_NAME)";
				TEST_TARGET_NAME = Fade;
			};
			name = Release;
		};
/* End XCBuildConfiguration section */

/* Begin XCConfigurationList section */
		E935C1C31EA4F8C6006222D2 /* Build configuration list for PBXProject "Fade" */ = {
			isa = XCConfigurationList;
			buildConfigurations = (
				E935C1F31EA4F8C7006222D2 /* Debug */,
				E935C1F41EA4F8C7006222D2 /* Release */,
			);
			defaultConfigurationIsVisible = 0;
			defaultConfigurationName = Release;
		};
		E935C1F51EA4F8C7006222D2 /* Build configuration list for PBXNativeTarget "Fade" */ = {
			isa = XCConfigurationList;
			buildConfigurations = (
				E935C1F61EA4F8C7006222D2 /* Debug */,
				E935C1F71EA4F8C7006222D2 /* Release */,
			);
			defaultConfigurationIsVisible = 0;
			defaultConfigurationName = Release;
		};
		E935C1F81EA4F8C7006222D2 /* Build configuration list for PBXNativeTarget "FadeTests" */ = {
			isa = XCConfigurationList;
			buildConfigurations = (
				E935C1F91EA4F8C7006222D2 /* Debug */,
				E935C1FA1EA4F8C7006222D2 /* Release */,
			);
			defaultConfigurationIsVisible = 0;
			defaultConfigurationName = Release;
		};
		E935C1FB1EA4F8C7006222D2 /* Build configuration list for PBXNativeTarget "FadeUITests" */ = {
			isa = XCConfigurationList;
			buildConfigurations = (
				E935C1FC1EA4F8C7006222D2 /* Debug */,
				E935C1FD1EA4F8C7006222D2 /* Release */,
			);
			defaultConfigurationIsVisible = 0;
			defaultConfigurationName = Release;
		};
/* End XCConfigurationList section */
	};
	rootObject = E935C1C01EA4F8C6006222D2 /* Project object */;
}
