// !$*UTF8*$!
{
	archiveVersion = 1;
	classes = {
	};
	objectVersion = 46;
	objects = {

/* Begin PBXBuildFile section */
		BFB95BC8742EB849D8431D48 /* libPods-Fade.a in Frameworks */ = {isa = PBXBuildFile; fileRef = FB4C663098752E9AA4FBBE35 /* libPods-Fade.a */; };
		E90BB8AA1EA905D900101D93 /* Fade.xcassets in Resources */ = {isa = PBXBuildFile; fileRef = E90BB8A91EA905D900101D93 /* Fade.xcassets */; };
		E90BB8B21EA90ACB00101D93 /* HomeViewController.m in Sources */ = {isa = PBXBuildFile; fileRef = E90BB8B11EA90ACB00101D93 /* HomeViewController.m */; };
		E90BB8B51EA90AE800101D93 /* DiscoveryViewController.m in Sources */ = {isa = PBXBuildFile; fileRef = E90BB8B41EA90AE800101D93 /* DiscoveryViewController.m */; };
		E90BB8B81EA90AFC00101D93 /* MessageViewController.m in Sources */ = {isa = PBXBuildFile; fileRef = E90BB8B71EA90AFC00101D93 /* MessageViewController.m */; };
		E90BB8BB1EA90B1200101D93 /* UserCenterViewController.m in Sources */ = {isa = PBXBuildFile; fileRef = E90BB8BA1EA90B1200101D93 /* UserCenterViewController.m */; };
		E90BB8CE1EA90C5200101D93 /* SquareViewController.m in Sources */ = {isa = PBXBuildFile; fileRef = E90BB8CD1EA90C5200101D93 /* SquareViewController.m */; };
		E90BB8D31EA9105000101D93 /* CYLPlusButtonSubclass.m in Sources */ = {isa = PBXBuildFile; fileRef = E90BB8D21EA9105000101D93 /* CYLPlusButtonSubclass.m */; };
		E91E7D121EAA11C300E786A7 /* 2017_04_20_071514_create_user_auths_table.php in Resources */ = {isa = PBXBuildFile; fileRef = E91E7D071EAA11C300E786A7 /* 2017_04_20_071514_create_user_auths_table.php */; };
		E91E7D131EAA11C300E786A7 /* 2017_04_20_093643_create_users_table.php in Resources */ = {isa = PBXBuildFile; fileRef = E91E7D081EAA11C300E786A7 /* 2017_04_20_093643_create_users_table.php */; };
		E91E7D141EAA11C300E786A7 /* 2017_04_21_093352_create_hope_partner_table.php in Resources */ = {isa = PBXBuildFile; fileRef = E91E7D091EAA11C300E786A7 /* 2017_04_21_093352_create_hope_partner_table.php */; };
		E91E7D151EAA11C300E786A7 /* 2017_04_21_093702_create_photos_table.php in Resources */ = {isa = PBXBuildFile; fileRef = E91E7D0A1EAA11C300E786A7 /* 2017_04_21_093702_create_photos_table.php */; };
		E91E7D161EAA11C300E786A7 /* 2017_04_21_093732_create_locations_table.php in Resources */ = {isa = PBXBuildFile; fileRef = E91E7D0B1EAA11C300E786A7 /* 2017_04_21_093732_create_locations_table.php */; };
		E91E7D171EAA11C300E786A7 /* 2017_04_21_093832_create_basic_status_table.php in Resources */ = {isa = PBXBuildFile; fileRef = E91E7D0C1EAA11C300E786A7 /* 2017_04_21_093832_create_basic_status_table.php */; };
		E91E7D181EAA11C300E786A7 /* 2017_04_21_093918_create_vip_status_table.php in Resources */ = {isa = PBXBuildFile; fileRef = E91E7D0D1EAA11C300E786A7 /* 2017_04_21_093918_create_vip_status_table.php */; };
		E91E7D191EAA11C300E786A7 /* 2017_04_21_094143_create_auth_house_status_table.php in Resources */ = {isa = PBXBuildFile; fileRef = E91E7D0E1EAA11C300E786A7 /* 2017_04_21_094143_create_auth_house_status_table.php */; };
		E91E7D1A1EAA11C300E786A7 /* 2017_04_21_094143_create_auth_identity_status_table.php in Resources */ = {isa = PBXBuildFile; fileRef = E91E7D0F1EAA11C300E786A7 /* 2017_04_21_094143_create_auth_identity_status_table.php */; };
		E91E7D1B1EAA11C300E786A7 /* 2017_04_21_094144_create_auth_edu_status_table.php in Resources */ = {isa = PBXBuildFile; fileRef = E91E7D101EAA11C300E786A7 /* 2017_04_21_094144_create_auth_edu_status_table.php */; };
		E91E7D1C1EAA11C300E786A7 /* 2017_04_21_094147_create_auth_job_status_table.php in Resources */ = {isa = PBXBuildFile; fileRef = E91E7D111EAA11C300E786A7 /* 2017_04_21_094147_create_auth_job_status_table.php */; };
		E91E7D6F1EAA127800E786A7 /* bootstrap.php in Resources */ = {isa = PBXBuildFile; fileRef = E91E7D1F1EAA127800E786A7 /* bootstrap.php */; };
		E91E7D701EAA127800E786A7 /* ExampleController.php in Resources */ = {isa = PBXBuildFile; fileRef = E91E7D211EAA127800E786A7 /* ExampleController.php */; };
		E91E7D711EAA127800E786A7 /* HomeController.php in Resources */ = {isa = PBXBuildFile; fileRef = E91E7D221EAA127800E786A7 /* HomeController.php */; };
		E91E7D721EAA127800E786A7 /* routes.php in Resources */ = {isa = PBXBuildFile; fileRef = E91E7D231EAA127800E786A7 /* routes.php */; };
		E91E7D731EAA127800E786A7 /* Inspire.php in Resources */ = {isa = PBXBuildFile; fileRef = E91E7D261EAA127800E786A7 /* Inspire.php */; };
		E91E7D741EAA127800E786A7 /* Kernel.php in Resources */ = {isa = PBXBuildFile; fileRef = E91E7D271EAA127800E786A7 /* Kernel.php */; };
		E91E7D751EAA127800E786A7 /* Event.php in Resources */ = {isa = PBXBuildFile; fileRef = E91E7D291EAA127800E786A7 /* Event.php */; };
		E91E7D761EAA127800E786A7 /* Handler.php in Resources */ = {isa = PBXBuildFile; fileRef = E91E7D2B1EAA127800E786A7 /* Handler.php */; };
		E91E7D771EAA127800E786A7 /* ApiHelper.php in Resources */ = {isa = PBXBuildFile; fileRef = E91E7D2D1EAA127800E786A7 /* ApiHelper.php */; };
		E91E7D781EAA127800E786A7 /* AuthenticateController.php in Resources */ = {isa = PBXBuildFile; fileRef = E91E7D301EAA127800E786A7 /* AuthenticateController.php */; };
		E91E7D791EAA127800E786A7 /* BaseController.php in Resources */ = {isa = PBXBuildFile; fileRef = E91E7D311EAA127800E786A7 /* BaseController.php */; };
		E91E7D7A1EAA127800E786A7 /* CategoryController.php in Resources */ = {isa = PBXBuildFile; fileRef = E91E7D321EAA127800E786A7 /* CategoryController.php */; };
		E91E7D7B1EAA127800E786A7 /* CollectionController.php in Resources */ = {isa = PBXBuildFile; fileRef = E91E7D331EAA127800E786A7 /* CollectionController.php */; };
		E91E7D7C1EAA127800E786A7 /* CommentController.php in Resources */ = {isa = PBXBuildFile; fileRef = E91E7D341EAA127800E786A7 /* CommentController.php */; };
		E91E7D7D1EAA127800E786A7 /* FeedbackController.php in Resources */ = {isa = PBXBuildFile; fileRef = E91E7D351EAA127800E786A7 /* FeedbackController.php */; };
		E91E7D7E1EAA127800E786A7 /* FriendController.php in Resources */ = {isa = PBXBuildFile; fileRef = E91E7D361EAA127800E786A7 /* FriendController.php */; };
		E91E7D7F1EAA127800E786A7 /* GrammarController.php in Resources */ = {isa = PBXBuildFile; fileRef = E91E7D371EAA127800E786A7 /* GrammarController.php */; };
		E91E7D801EAA127800E786A7 /* LikeRecordController.php in Resources */ = {isa = PBXBuildFile; fileRef = E91E7D381EAA127800E786A7 /* LikeRecordController.php */; };
		E91E7D811EAA127800E786A7 /* ManualController.php in Resources */ = {isa = PBXBuildFile; fileRef = E91E7D391EAA127800E786A7 /* ManualController.php */; };
		E91E7D821EAA127800E786A7 /* MessageRecordController.php in Resources */ = {isa = PBXBuildFile; fileRef = E91E7D3A1EAA127800E786A7 /* MessageRecordController.php */; };
		E91E7D831EAA127800E786A7 /* OptionController.php in Resources */ = {isa = PBXBuildFile; fileRef = E91E7D3B1EAA127800E786A7 /* OptionController.php */; };
		E91E7D841EAA127800E786A7 /* TweetsController.php in Resources */ = {isa = PBXBuildFile; fileRef = E91E7D3C1EAA127800E786A7 /* TweetsController.php */; };
		E91E7D851EAA127800E786A7 /* UserController.php in Resources */ = {isa = PBXBuildFile; fileRef = E91E7D3D1EAA127800E786A7 /* UserController.php */; };
		E91E7D861EAA127800E786A7 /* VideoController.php in Resources */ = {isa = PBXBuildFile; fileRef = E91E7D3E1EAA127800E786A7 /* VideoController.php */; };
		E91E7D871EAA127800E786A7 /* AuthController.php in Resources */ = {isa = PBXBuildFile; fileRef = E91E7D401EAA127800E786A7 /* AuthController.php */; };
		E91E7D881EAA127800E786A7 /* PasswordController.php in Resources */ = {isa = PBXBuildFile; fileRef = E91E7D411EAA127800E786A7 /* PasswordController.php */; };
		E91E7D891EAA127800E786A7 /* Controller.php in Resources */ = {isa = PBXBuildFile; fileRef = E91E7D421EAA127800E786A7 /* Controller.php */; };
		E91E7D8A1EAA127800E786A7 /* PostController.php in Resources */ = {isa = PBXBuildFile; fileRef = E91E7D431EAA127800E786A7 /* PostController.php */; };
		E91E7D8B1EAA127800E786A7 /* RequestController.php in Resources */ = {isa = PBXBuildFile; fileRef = E91E7D441EAA127800E786A7 /* RequestController.php */; };
		E91E7D8C1EAA127800E786A7 /* Kernel.php in Resources */ = {isa = PBXBuildFile; fileRef = E91E7D451EAA127800E786A7 /* Kernel.php */; };
		E91E7D8D1EAA127800E786A7 /* AdminLogin.php in Resources */ = {isa = PBXBuildFile; fileRef = E91E7D471EAA127800E786A7 /* AdminLogin.php */; };
		E91E7D8E1EAA127800E786A7 /* Authenticate.php in Resources */ = {isa = PBXBuildFile; fileRef = E91E7D481EAA127800E786A7 /* Authenticate.php */; };
		E91E7D8F1EAA127800E786A7 /* CkeckRegister.php in Resources */ = {isa = PBXBuildFile; fileRef = E91E7D491EAA127800E786A7 /* CkeckRegister.php */; };
		E91E7D901EAA127800E786A7 /* EncryptCookies.php in Resources */ = {isa = PBXBuildFile; fileRef = E91E7D4A1EAA127800E786A7 /* EncryptCookies.php */; };
		E91E7D911EAA127800E786A7 /* GetUserFromToken.php in Resources */ = {isa = PBXBuildFile; fileRef = E91E7D4B1EAA127800E786A7 /* GetUserFromToken.php */; };
		E91E7D921EAA127800E786A7 /* RedirectIfAuthenticated.php in Resources */ = {isa = PBXBuildFile; fileRef = E91E7D4C1EAA127800E786A7 /* RedirectIfAuthenticated.php */; };
		E91E7D931EAA127800E786A7 /* TestMiddleware.php in Resources */ = {isa = PBXBuildFile; fileRef = E91E7D4D1EAA127800E786A7 /* TestMiddleware.php */; };
		E91E7D941EAA127800E786A7 /* VerifyCsrfToken.php in Resources */ = {isa = PBXBuildFile; fileRef = E91E7D4E1EAA127800E786A7 /* VerifyCsrfToken.php */; };
		E91E7D951EAA127800E786A7 /* Request.php in Resources */ = {isa = PBXBuildFile; fileRef = E91E7D511EAA127800E786A7 /* Request.php */; };
		E91E7D961EAA127800E786A7 /* routes.php in Resources */ = {isa = PBXBuildFile; fileRef = E91E7D521EAA127800E786A7 /* routes.php */; };
		E91E7D971EAA127800E786A7 /* Job.php in Resources */ = {isa = PBXBuildFile; fileRef = E91E7D541EAA127800E786A7 /* Job.php */; };
		E91E7D981EAA127800E786A7 /* .gitkeep in Resources */ = {isa = PBXBuildFile; fileRef = E91E7D561EAA127800E786A7 /* .gitkeep */; };
		E91E7D991EAA127800E786A7 /* .gitkeep in Resources */ = {isa = PBXBuildFile; fileRef = E91E7D581EAA127800E786A7 /* .gitkeep */; };
		E91E7D9A1EAA127800E786A7 /* AppServiceProvider.php in Resources */ = {isa = PBXBuildFile; fileRef = E91E7D5A1EAA127800E786A7 /* AppServiceProvider.php */; };
		E91E7D9B1EAA127800E786A7 /* AuthServiceProvider.php in Resources */ = {isa = PBXBuildFile; fileRef = E91E7D5B1EAA127800E786A7 /* AuthServiceProvider.php */; };
		E91E7D9C1EAA127800E786A7 /* EventServiceProvider.php in Resources */ = {isa = PBXBuildFile; fileRef = E91E7D5C1EAA127800E786A7 /* EventServiceProvider.php */; };
		E91E7D9D1EAA127800E786A7 /* RouteServiceProvider.php in Resources */ = {isa = PBXBuildFile; fileRef = E91E7D5D1EAA127800E786A7 /* RouteServiceProvider.php */; };
		E91E7D9E1EAA127800E786A7 /* User.php in Resources */ = {isa = PBXBuildFile; fileRef = E91E7D5E1EAA127800E786A7 /* User.php */; };
		E91E7D9F1EAA127800E786A7 /* admin.php in Resources */ = {isa = PBXBuildFile; fileRef = E91E7D601EAA127800E786A7 /* admin.php */; };
		E91E7DA01EAA127800E786A7 /* api.php in Resources */ = {isa = PBXBuildFile; fileRef = E91E7D611EAA127800E786A7 /* api.php */; };
		E91E7DA11EAA127800E786A7 /* app.php in Resources */ = {isa = PBXBuildFile; fileRef = E91E7D621EAA127800E786A7 /* app.php */; };
		E91E7DA21EAA127800E786A7 /* auth.php in Resources */ = {isa = PBXBuildFile; fileRef = E91E7D631EAA127800E786A7 /* auth.php */; };
		E91E7DA31EAA127800E786A7 /* broadcasting.php in Resources */ = {isa = PBXBuildFile; fileRef = E91E7D641EAA127800E786A7 /* broadcasting.php */; };
		E91E7DA41EAA127800E786A7 /* cache.php in Resources */ = {isa = PBXBuildFile; fileRef = E91E7D651EAA127800E786A7 /* cache.php */; };
		E91E7DA51EAA127800E786A7 /* compile.php in Resources */ = {isa = PBXBuildFile; fileRef = E91E7D661EAA127800E786A7 /* compile.php */; };
		E91E7DA61EAA127800E786A7 /* database.php in Resources */ = {isa = PBXBuildFile; fileRef = E91E7D671EAA127800E786A7 /* database.php */; };
		E91E7DA71EAA127800E786A7 /* filesystems.php in Resources */ = {isa = PBXBuildFile; fileRef = E91E7D681EAA127800E786A7 /* filesystems.php */; };
		E91E7DA81EAA127800E786A7 /* jwt.php in Resources */ = {isa = PBXBuildFile; fileRef = E91E7D691EAA127800E786A7 /* jwt.php */; };
		E91E7DA91EAA127800E786A7 /* mail.php in Resources */ = {isa = PBXBuildFile; fileRef = E91E7D6A1EAA127800E786A7 /* mail.php */; };
		E91E7DAA1EAA127800E786A7 /* queue.php in Resources */ = {isa = PBXBuildFile; fileRef = E91E7D6B1EAA127800E786A7 /* queue.php */; };
		E91E7DAB1EAA127800E786A7 /* services.php in Resources */ = {isa = PBXBuildFile; fileRef = E91E7D6C1EAA127800E786A7 /* services.php */; };
		E91E7DAC1EAA127800E786A7 /* session.php in Resources */ = {isa = PBXBuildFile; fileRef = E91E7D6D1EAA127800E786A7 /* session.php */; };
		E91E7DAD1EAA127800E786A7 /* view.php in Resources */ = {isa = PBXBuildFile; fileRef = E91E7D6E1EAA127800E786A7 /* view.php */; };
		E935C1CD1EA4F8C6006222D2 /* main.m in Sources */ = {isa = PBXBuildFile; fileRef = E935C1CC1EA4F8C6006222D2 /* main.m */; };
		E935C1D01EA4F8C6006222D2 /* AppDelegate.m in Sources */ = {isa = PBXBuildFile; fileRef = E935C1CF1EA4F8C6006222D2 /* AppDelegate.m */; };
		E935C1D31EA4F8C6006222D2 /* ViewController.m in Sources */ = {isa = PBXBuildFile; fileRef = E935C1D21EA4F8C6006222D2 /* ViewController.m */; };
		E935C1D61EA4F8C6006222D2 /* Main.storyboard in Resources */ = {isa = PBXBuildFile; fileRef = E935C1D41EA4F8C6006222D2 /* Main.storyboard */; };
		E935C1D81EA4F8C6006222D2 /* Assets.xcassets in Resources */ = {isa = PBXBuildFile; fileRef = E935C1D71EA4F8C6006222D2 /* Assets.xcassets */; };
		E935C1DB1EA4F8C6006222D2 /* LaunchScreen.storyboard in Resources */ = {isa = PBXBuildFile; fileRef = E935C1D91EA4F8C6006222D2 /* LaunchScreen.storyboard */; };
		E935C1E61EA4F8C7006222D2 /* FadeTests.m in Sources */ = {isa = PBXBuildFile; fileRef = E935C1E51EA4F8C7006222D2 /* FadeTests.m */; };
		E935C1F11EA4F8C7006222D2 /* FadeUITests.m in Sources */ = {isa = PBXBuildFile; fileRef = E935C1F01EA4F8C7006222D2 /* FadeUITests.m */; };
/* End PBXBuildFile section */

/* Begin PBXContainerItemProxy section */
		E935C1E21EA4F8C7006222D2 /* PBXContainerItemProxy */ = {
			isa = PBXContainerItemProxy;
			containerPortal = E935C1C01EA4F8C6006222D2 /* Project object */;
			proxyType = 1;
			remoteGlobalIDString = E935C1C71EA4F8C6006222D2;
			remoteInfo = Fade;
		};
		E935C1ED1EA4F8C7006222D2 /* PBXContainerItemProxy */ = {
			isa = PBXContainerItemProxy;
			containerPortal = E935C1C01EA4F8C6006222D2 /* Project object */;
			proxyType = 1;
			remoteGlobalIDString = E935C1C71EA4F8C6006222D2;
			remoteInfo = Fade;
		};
/* End PBXContainerItemProxy section */

/* Begin PBXFileReference section */
		8EB8CACA88D3B6BAC5742223 /* Pods-Fade.release.xcconfig */ = {isa = PBXFileReference; includeInIndex = 1; lastKnownFileType = text.xcconfig; name = "Pods-Fade.release.xcconfig"; path = "Pods/Target Support Files/Pods-Fade/Pods-Fade.release.xcconfig"; sourceTree = "<group>"; };
		D370EB9938E58224CF3149B6 /* Pods-Fade.debug.xcconfig */ = {isa = PBXFileReference; includeInIndex = 1; lastKnownFileType = text.xcconfig; name = "Pods-Fade.debug.xcconfig"; path = "Pods/Target Support Files/Pods-Fade/Pods-Fade.debug.xcconfig"; sourceTree = "<group>"; };
		E90BB8A91EA905D900101D93 /* Fade.xcassets */ = {isa = PBXFileReference; lastKnownFileType = folder.assetcatalog; path = Fade.xcassets; sourceTree = "<group>"; };
		E90BB8B01EA90ACB00101D93 /* HomeViewController.h */ = {isa = PBXFileReference; fileEncoding = 4; lastKnownFileType = sourcecode.c.h; name = HomeViewController.h; path = ../HomeViewController.h; sourceTree = "<group>"; };
		E90BB8B11EA90ACB00101D93 /* HomeViewController.m */ = {isa = PBXFileReference; fileEncoding = 4; lastKnownFileType = sourcecode.c.objc; name = HomeViewController.m; path = ../HomeViewController.m; sourceTree = "<group>"; };
		E90BB8B31EA90AE800101D93 /* DiscoveryViewController.h */ = {isa = PBXFileReference; fileEncoding = 4; lastKnownFileType = sourcecode.c.h; name = DiscoveryViewController.h; path = ../DiscoveryViewController.h; sourceTree = "<group>"; };
		E90BB8B41EA90AE800101D93 /* DiscoveryViewController.m */ = {isa = PBXFileReference; fileEncoding = 4; lastKnownFileType = sourcecode.c.objc; name = DiscoveryViewController.m; path = ../DiscoveryViewController.m; sourceTree = "<group>"; };
		E90BB8B61EA90AFC00101D93 /* MessageViewController.h */ = {isa = PBXFileReference; fileEncoding = 4; lastKnownFileType = sourcecode.c.h; name = MessageViewController.h; path = ../MessageViewController.h; sourceTree = "<group>"; };
		E90BB8B71EA90AFC00101D93 /* MessageViewController.m */ = {isa = PBXFileReference; fileEncoding = 4; lastKnownFileType = sourcecode.c.objc; name = MessageViewController.m; path = ../MessageViewController.m; sourceTree = "<group>"; };
		E90BB8B91EA90B1200101D93 /* UserCenterViewController.h */ = {isa = PBXFileReference; fileEncoding = 4; lastKnownFileType = sourcecode.c.h; name = UserCenterViewController.h; path = ../UserCenterViewController.h; sourceTree = "<group>"; };
		E90BB8BA1EA90B1200101D93 /* UserCenterViewController.m */ = {isa = PBXFileReference; fileEncoding = 4; lastKnownFileType = sourcecode.c.objc; name = UserCenterViewController.m; path = ../UserCenterViewController.m; sourceTree = "<group>"; };
		E90BB8CC1EA90C5200101D93 /* SquareViewController.h */ = {isa = PBXFileReference; fileEncoding = 4; lastKnownFileType = sourcecode.c.h; path = SquareViewController.h; sourceTree = "<group>"; };
		E90BB8CD1EA90C5200101D93 /* SquareViewController.m */ = {isa = PBXFileReference; fileEncoding = 4; lastKnownFileType = sourcecode.c.objc; path = SquareViewController.m; sourceTree = "<group>"; };
		E90BB8D11EA9105000101D93 /* CYLPlusButtonSubclass.h */ = {isa = PBXFileReference; fileEncoding = 4; lastKnownFileType = sourcecode.c.h; path = CYLPlusButtonSubclass.h; sourceTree = "<group>"; };
		E90BB8D21EA9105000101D93 /* CYLPlusButtonSubclass.m */ = {isa = PBXFileReference; fileEncoding = 4; lastKnownFileType = sourcecode.c.objc; path = CYLPlusButtonSubclass.m; sourceTree = "<group>"; };
		E91E7D071EAA11C300E786A7 /* 2017_04_20_071514_create_user_auths_table.php */ = {isa = PBXFileReference; fileEncoding = 4; lastKnownFileType = text.script.php; path = 2017_04_20_071514_create_user_auths_table.php; sourceTree = "<group>"; };
		E91E7D081EAA11C300E786A7 /* 2017_04_20_093643_create_users_table.php */ = {isa = PBXFileReference; fileEncoding = 4; lastKnownFileType = text.script.php; path = 2017_04_20_093643_create_users_table.php; sourceTree = "<group>"; };
		E91E7D091EAA11C300E786A7 /* 2017_04_21_093352_create_hope_partner_table.php */ = {isa = PBXFileReference; fileEncoding = 4; lastKnownFileType = text.script.php; path = 2017_04_21_093352_create_hope_partner_table.php; sourceTree = "<group>"; };
		E91E7D0A1EAA11C300E786A7 /* 2017_04_21_093702_create_photos_table.php */ = {isa = PBXFileReference; fileEncoding = 4; lastKnownFileType = text.script.php; path = 2017_04_21_093702_create_photos_table.php; sourceTree = "<group>"; };
		E91E7D0B1EAA11C300E786A7 /* 2017_04_21_093732_create_locations_table.php */ = {isa = PBXFileReference; fileEncoding = 4; lastKnownFileType = text.script.php; path = 2017_04_21_093732_create_locations_table.php; sourceTree = "<group>"; };
		E91E7D0C1EAA11C300E786A7 /* 2017_04_21_093832_create_basic_status_table.php */ = {isa = PBXFileReference; fileEncoding = 4; lastKnownFileType = text.script.php; path = 2017_04_21_093832_create_basic_status_table.php; sourceTree = "<group>"; };
		E91E7D0D1EAA11C300E786A7 /* 2017_04_21_093918_create_vip_status_table.php */ = {isa = PBXFileReference; fileEncoding = 4; lastKnownFileType = text.script.php; path = 2017_04_21_093918_create_vip_status_table.php; sourceTree = "<group>"; };
		E91E7D0E1EAA11C300E786A7 /* 2017_04_21_094143_create_auth_house_status_table.php */ = {isa = PBXFileReference; fileEncoding = 4; lastKnownFileType = text.script.php; path = 2017_04_21_094143_create_auth_house_status_table.php; sourceTree = "<group>"; };
		E91E7D0F1EAA11C300E786A7 /* 2017_04_21_094143_create_auth_identity_status_table.php */ = {isa = PBXFileReference; fileEncoding = 4; lastKnownFileType = text.script.php; path = 2017_04_21_094143_create_auth_identity_status_table.php; sourceTree = "<group>"; };
		E91E7D101EAA11C300E786A7 /* 2017_04_21_094144_create_auth_edu_status_table.php */ = {isa = PBXFileReference; fileEncoding = 4; lastKnownFileType = text.script.php; path = 2017_04_21_094144_create_auth_edu_status_table.php; sourceTree = "<group>"; };
		E91E7D111EAA11C300E786A7 /* 2017_04_21_094147_create_auth_job_status_table.php */ = {isa = PBXFileReference; fileEncoding = 4; lastKnownFileType = text.script.php; path = 2017_04_21_094147_create_auth_job_status_table.php; sourceTree = "<group>"; };
		E91E7D1F1EAA127800E786A7 /* bootstrap.php */ = {isa = PBXFileReference; fileEncoding = 4; lastKnownFileType = text.script.php; path = bootstrap.php; sourceTree = "<group>"; };
		E91E7D211EAA127800E786A7 /* ExampleController.php */ = {isa = PBXFileReference; fileEncoding = 4; lastKnownFileType = text.script.php; path = ExampleController.php; sourceTree = "<group>"; };
		E91E7D221EAA127800E786A7 /* HomeController.php */ = {isa = PBXFileReference; fileEncoding = 4; lastKnownFileType = text.script.php; path = HomeController.php; sourceTree = "<group>"; };
		E91E7D231EAA127800E786A7 /* routes.php */ = {isa = PBXFileReference; fileEncoding = 4; lastKnownFileType = text.script.php; path = routes.php; sourceTree = "<group>"; };
		E91E7D261EAA127800E786A7 /* Inspire.php */ = {isa = PBXFileReference; fileEncoding = 4; lastKnownFileType = text.script.php; path = Inspire.php; sourceTree = "<group>"; };
		E91E7D271EAA127800E786A7 /* Kernel.php */ = {isa = PBXFileReference; fileEncoding = 4; lastKnownFileType = text.script.php; path = Kernel.php; sourceTree = "<group>"; };
		E91E7D291EAA127800E786A7 /* Event.php */ = {isa = PBXFileReference; fileEncoding = 4; lastKnownFileType = text.script.php; path = Event.php; sourceTree = "<group>"; };
		E91E7D2B1EAA127800E786A7 /* Handler.php */ = {isa = PBXFileReference; fileEncoding = 4; lastKnownFileType = text.script.php; path = Handler.php; sourceTree = "<group>"; };
		E91E7D2D1EAA127800E786A7 /* ApiHelper.php */ = {isa = PBXFileReference; fileEncoding = 4; lastKnownFileType = text.script.php; path = ApiHelper.php; sourceTree = "<group>"; };
		E91E7D301EAA127800E786A7 /* AuthenticateController.php */ = {isa = PBXFileReference; fileEncoding = 4; lastKnownFileType = text.script.php; path = AuthenticateController.php; sourceTree = "<group>"; };
		E91E7D311EAA127800E786A7 /* BaseController.php */ = {isa = PBXFileReference; fileEncoding = 4; lastKnownFileType = text.script.php; path = BaseController.php; sourceTree = "<group>"; };
		E91E7D321EAA127800E786A7 /* CategoryController.php */ = {isa = PBXFileReference; fileEncoding = 4; lastKnownFileType = text.script.php; path = CategoryController.php; sourceTree = "<group>"; };
		E91E7D331EAA127800E786A7 /* CollectionController.php */ = {isa = PBXFileReference; fileEncoding = 4; lastKnownFileType = text.script.php; path = CollectionController.php; sourceTree = "<group>"; };
		E91E7D341EAA127800E786A7 /* CommentController.php */ = {isa = PBXFileReference; fileEncoding = 4; lastKnownFileType = text.script.php; path = CommentController.php; sourceTree = "<group>"; };
		E91E7D351EAA127800E786A7 /* FeedbackController.php */ = {isa = PBXFileReference; fileEncoding = 4; lastKnownFileType = text.script.php; path = FeedbackController.php; sourceTree = "<group>"; };
		E91E7D361EAA127800E786A7 /* FriendController.php */ = {isa = PBXFileReference; fileEncoding = 4; lastKnownFileType = text.script.php; path = FriendController.php; sourceTree = "<group>"; };
		E91E7D371EAA127800E786A7 /* GrammarController.php */ = {isa = PBXFileReference; fileEncoding = 4; lastKnownFileType = text.script.php; path = GrammarController.php; sourceTree = "<group>"; };
		E91E7D381EAA127800E786A7 /* LikeRecordController.php */ = {isa = PBXFileReference; fileEncoding = 4; lastKnownFileType = text.script.php; path = LikeRecordController.php; sourceTree = "<group>"; };
		E91E7D391EAA127800E786A7 /* ManualController.php */ = {isa = PBXFileReference; fileEncoding = 4; lastKnownFileType = text.script.php; path = ManualController.php; sourceTree = "<group>"; };
		E91E7D3A1EAA127800E786A7 /* MessageRecordController.php */ = {isa = PBXFileReference; fileEncoding = 4; lastKnownFileType = text.script.php; path = MessageRecordController.php; sourceTree = "<group>"; };
		E91E7D3B1EAA127800E786A7 /* OptionController.php */ = {isa = PBXFileReference; fileEncoding = 4; lastKnownFileType = text.script.php; path = OptionController.php; sourceTree = "<group>"; };
		E91E7D3C1EAA127800E786A7 /* TweetsController.php */ = {isa = PBXFileReference; fileEncoding = 4; lastKnownFileType = text.script.php; path = TweetsController.php; sourceTree = "<group>"; };
		E91E7D3D1EAA127800E786A7 /* UserController.php */ = {isa = PBXFileReference; fileEncoding = 4; lastKnownFileType = text.script.php; path = UserController.php; sourceTree = "<group>"; };
		E91E7D3E1EAA127800E786A7 /* VideoController.php */ = {isa = PBXFileReference; fileEncoding = 4; lastKnownFileType = text.script.php; path = VideoController.php; sourceTree = "<group>"; };
		E91E7D401EAA127800E786A7 /* AuthController.php */ = {isa = PBXFileReference; fileEncoding = 4; lastKnownFileType = text.script.php; path = AuthController.php; sourceTree = "<group>"; };
		E91E7D411EAA127800E786A7 /* PasswordController.php */ = {isa = PBXFileReference; fileEncoding = 4; lastKnownFileType = text.script.php; path = PasswordController.php; sourceTree = "<group>"; };
		E91E7D421EAA127800E786A7 /* Controller.php */ = {isa = PBXFileReference; fileEncoding = 4; lastKnownFileType = text.script.php; path = Controller.php; sourceTree = "<group>"; };
		E91E7D431EAA127800E786A7 /* PostController.php */ = {isa = PBXFileReference; fileEncoding = 4; lastKnownFileType = text.script.php; path = PostController.php; sourceTree = "<group>"; };
		E91E7D441EAA127800E786A7 /* RequestController.php */ = {isa = PBXFileReference; fileEncoding = 4; lastKnownFileType = text.script.php; path = RequestController.php; sourceTree = "<group>"; };
		E91E7D451EAA127800E786A7 /* Kernel.php */ = {isa = PBXFileReference; fileEncoding = 4; lastKnownFileType = text.script.php; path = Kernel.php; sourceTree = "<group>"; };
		E91E7D471EAA127800E786A7 /* AdminLogin.php */ = {isa = PBXFileReference; fileEncoding = 4; lastKnownFileType = text.script.php; path = AdminLogin.php; sourceTree = "<group>"; };
		E91E7D481EAA127800E786A7 /* Authenticate.php */ = {isa = PBXFileReference; fileEncoding = 4; lastKnownFileType = text.script.php; path = Authenticate.php; sourceTree = "<group>"; };
		E91E7D491EAA127800E786A7 /* CkeckRegister.php */ = {isa = PBXFileReference; fileEncoding = 4; lastKnownFileType = text.script.php; path = CkeckRegister.php; sourceTree = "<group>"; };
		E91E7D4A1EAA127800E786A7 /* EncryptCookies.php */ = {isa = PBXFileReference; fileEncoding = 4; lastKnownFileType = text.script.php; path = EncryptCookies.php; sourceTree = "<group>"; };
		E91E7D4B1EAA127800E786A7 /* GetUserFromToken.php */ = {isa = PBXFileReference; fileEncoding = 4; lastKnownFileType = text.script.php; path = GetUserFromToken.php; sourceTree = "<group>"; };
		E91E7D4C1EAA127800E786A7 /* RedirectIfAuthenticated.php */ = {isa = PBXFileReference; fileEncoding = 4; lastKnownFileType = text.script.php; path = RedirectIfAuthenticated.php; sourceTree = "<group>"; };
		E91E7D4D1EAA127800E786A7 /* TestMiddleware.php */ = {isa = PBXFileReference; fileEncoding = 4; lastKnownFileType = text.script.php; path = TestMiddleware.php; sourceTree = "<group>"; };
		E91E7D4E1EAA127800E786A7 /* VerifyCsrfToken.php */ = {isa = PBXFileReference; fileEncoding = 4; lastKnownFileType = text.script.php; path = VerifyCsrfToken.php; sourceTree = "<group>"; };
		E91E7D511EAA127800E786A7 /* Request.php */ = {isa = PBXFileReference; fileEncoding = 4; lastKnownFileType = text.script.php; path = Request.php; sourceTree = "<group>"; };
		E91E7D521EAA127800E786A7 /* routes.php */ = {isa = PBXFileReference; fileEncoding = 4; lastKnownFileType = text.script.php; path = routes.php; sourceTree = "<group>"; };
		E91E7D541EAA127800E786A7 /* Job.php */ = {isa = PBXFileReference; fileEncoding = 4; lastKnownFileType = text.script.php; path = Job.php; sourceTree = "<group>"; };
		E91E7D561EAA127800E786A7 /* .gitkeep */ = {isa = PBXFileReference; fileEncoding = 4; lastKnownFileType = text; path = .gitkeep; sourceTree = "<group>"; };
		E91E7D581EAA127800E786A7 /* .gitkeep */ = {isa = PBXFileReference; fileEncoding = 4; lastKnownFileType = text; path = .gitkeep; sourceTree = "<group>"; };
		E91E7D5A1EAA127800E786A7 /* AppServiceProvider.php */ = {isa = PBXFileReference; fileEncoding = 4; lastKnownFileType = text.script.php; path = AppServiceProvider.php; sourceTree = "<group>"; };
		E91E7D5B1EAA127800E786A7 /* AuthServiceProvider.php */ = {isa = PBXFileReference; fileEncoding = 4; lastKnownFileType = text.script.php; path = AuthServiceProvider.php; sourceTree = "<group>"; };
		E91E7D5C1EAA127800E786A7 /* EventServiceProvider.php */ = {isa = PBXFileReference; fileEncoding = 4; lastKnownFileType = text.script.php; path = EventServiceProvider.php; sourceTree = "<group>"; };
		E91E7D5D1EAA127800E786A7 /* RouteServiceProvider.php */ = {isa = PBXFileReference; fileEncoding = 4; lastKnownFileType = text.script.php; path = RouteServiceProvider.php; sourceTree = "<group>"; };
		E91E7D5E1EAA127800E786A7 /* User.php */ = {isa = PBXFileReference; fileEncoding = 4; lastKnownFileType = text.script.php; path = User.php; sourceTree = "<group>"; };
		E91E7D601EAA127800E786A7 /* admin.php */ = {isa = PBXFileReference; fileEncoding = 4; lastKnownFileType = text.script.php; path = admin.php; sourceTree = "<group>"; };
		E91E7D611EAA127800E786A7 /* api.php */ = {isa = PBXFileReference; fileEncoding = 4; lastKnownFileType = text.script.php; path = api.php; sourceTree = "<group>"; };
		E91E7D621EAA127800E786A7 /* app.php */ = {isa = PBXFileReference; fileEncoding = 4; lastKnownFileType = text.script.php; path = app.php; sourceTree = "<group>"; };
		E91E7D631EAA127800E786A7 /* auth.php */ = {isa = PBXFileReference; fileEncoding = 4; lastKnownFileType = text.script.php; path = auth.php; sourceTree = "<group>"; };
		E91E7D641EAA127800E786A7 /* broadcasting.php */ = {isa = PBXFileReference; fileEncoding = 4; lastKnownFileType = text.script.php; path = broadcasting.php; sourceTree = "<group>"; };
		E91E7D651EAA127800E786A7 /* cache.php */ = {isa = PBXFileReference; fileEncoding = 4; lastKnownFileType = text.script.php; path = cache.php; sourceTree = "<group>"; };
		E91E7D661EAA127800E786A7 /* compile.php */ = {isa = PBXFileReference; fileEncoding = 4; lastKnownFileType = text.script.php; path = compile.php; sourceTree = "<group>"; };
		E91E7D671EAA127800E786A7 /* database.php */ = {isa = PBXFileReference; fileEncoding = 4; lastKnownFileType = text.script.php; path = database.php; sourceTree = "<group>"; };
		E91E7D681EAA127800E786A7 /* filesystems.php */ = {isa = PBXFileReference; fileEncoding = 4; lastKnownFileType = text.script.php; path = filesystems.php; sourceTree = "<group>"; };
		E91E7D691EAA127800E786A7 /* jwt.php */ = {isa = PBXFileReference; fileEncoding = 4; lastKnownFileType = text.script.php; path = jwt.php; sourceTree = "<group>"; };
		E91E7D6A1EAA127800E786A7 /* mail.php */ = {isa = PBXFileReference; fileEncoding = 4; lastKnownFileType = text.script.php; path = mail.php; sourceTree = "<group>"; };
		E91E7D6B1EAA127800E786A7 /* queue.php */ = {isa = PBXFileReference; fileEncoding = 4; lastKnownFileType = text.script.php; path = queue.php; sourceTree = "<group>"; };
		E91E7D6C1EAA127800E786A7 /* services.php */ = {isa = PBXFileReference; fileEncoding = 4; lastKnownFileType = text.script.php; path = services.php; sourceTree = "<group>"; };
		E91E7D6D1EAA127800E786A7 /* session.php */ = {isa = PBXFileReference; fileEncoding = 4; lastKnownFileType = text.script.php; path = session.php; sourceTree = "<group>"; };
		E91E7D6E1EAA127800E786A7 /* view.php */ = {isa = PBXFileReference; fileEncoding = 4; lastKnownFileType = text.script.php; path = view.php; sourceTree = "<group>"; };
		E935C1C81EA4F8C6006222D2 /* Fade.app */ = {isa = PBXFileReference; explicitFileType = wrapper.application; includeInIndex = 0; path = Fade.app; sourceTree = BUILT_PRODUCTS_DIR; };
		E935C1CC1EA4F8C6006222D2 /* main.m */ = {isa = PBXFileReference; lastKnownFileType = sourcecode.c.objc; path = main.m; sourceTree = "<group>"; };
		E935C1CE1EA4F8C6006222D2 /* AppDelegate.h */ = {isa = PBXFileReference; lastKnownFileType = sourcecode.c.h; path = AppDelegate.h; sourceTree = "<group>"; };
		E935C1CF1EA4F8C6006222D2 /* AppDelegate.m */ = {isa = PBXFileReference; lastKnownFileType = sourcecode.c.objc; path = AppDelegate.m; sourceTree = "<group>"; };
		E935C1D11EA4F8C6006222D2 /* ViewController.h */ = {isa = PBXFileReference; lastKnownFileType = sourcecode.c.h; path = ViewController.h; sourceTree = "<group>"; };
		E935C1D21EA4F8C6006222D2 /* ViewController.m */ = {isa = PBXFileReference; lastKnownFileType = sourcecode.c.objc; path = ViewController.m; sourceTree = "<group>"; };
		E935C1D51EA4F8C6006222D2 /* Base */ = {isa = PBXFileReference; lastKnownFileType = file.storyboard; name = Base; path = Base.lproj/Main.storyboard; sourceTree = "<group>"; };
		E935C1D71EA4F8C6006222D2 /* Assets.xcassets */ = {isa = PBXFileReference; lastKnownFileType = folder.assetcatalog; path = Assets.xcassets; sourceTree = "<group>"; };
		E935C1DA1EA4F8C6006222D2 /* Base */ = {isa = PBXFileReference; lastKnownFileType = file.storyboard; name = Base; path = Base.lproj/LaunchScreen.storyboard; sourceTree = "<group>"; };
		E935C1DC1EA4F8C6006222D2 /* Info.plist */ = {isa = PBXFileReference; lastKnownFileType = text.plist.xml; path = Info.plist; sourceTree = "<group>"; };
		E935C1E11EA4F8C7006222D2 /* FadeTests.xctest */ = {isa = PBXFileReference; explicitFileType = wrapper.cfbundle; includeInIndex = 0; path = FadeTests.xctest; sourceTree = BUILT_PRODUCTS_DIR; };
		E935C1E51EA4F8C7006222D2 /* FadeTests.m */ = {isa = PBXFileReference; lastKnownFileType = sourcecode.c.objc; path = FadeTests.m; sourceTree = "<group>"; };
		E935C1E71EA4F8C7006222D2 /* Info.plist */ = {isa = PBXFileReference; lastKnownFileType = text.plist.xml; path = Info.plist; sourceTree = "<group>"; };
		E935C1EC1EA4F8C7006222D2 /* FadeUITests.xctest */ = {isa = PBXFileReference; explicitFileType = wrapper.cfbundle; includeInIndex = 0; path = FadeUITests.xctest; sourceTree = BUILT_PRODUCTS_DIR; };
		E935C1F01EA4F8C7006222D2 /* FadeUITests.m */ = {isa = PBXFileReference; lastKnownFileType = sourcecode.c.objc; path = FadeUITests.m; sourceTree = "<group>"; };
		E935C1F21EA4F8C7006222D2 /* Info.plist */ = {isa = PBXFileReference; lastKnownFileType = text.plist.xml; path = Info.plist; sourceTree = "<group>"; };
		FB4C663098752E9AA4FBBE35 /* libPods-Fade.a */ = {isa = PBXFileReference; explicitFileType = archive.ar; includeInIndex = 0; path = "libPods-Fade.a"; sourceTree = BUILT_PRODUCTS_DIR; };
/* End PBXFileReference section */

/* Begin PBXFrameworksBuildPhase section */
		E935C1C51EA4F8C6006222D2 /* Frameworks */ = {
			isa = PBXFrameworksBuildPhase;
			buildActionMask = 2147483647;
			files = (
				BFB95BC8742EB849D8431D48 /* libPods-Fade.a in Frameworks */,
			);
			runOnlyForDeploymentPostprocessing = 0;
		};
		E935C1DE1EA4F8C7006222D2 /* Frameworks */ = {
			isa = PBXFrameworksBuildPhase;
			buildActionMask = 2147483647;
			files = (
			);
			runOnlyForDeploymentPostprocessing = 0;
		};
		E935C1E91EA4F8C7006222D2 /* Frameworks */ = {
			isa = PBXFrameworksBuildPhase;
			buildActionMask = 2147483647;
			files = (
			);
			runOnlyForDeploymentPostprocessing = 0;
		};
/* End PBXFrameworksBuildPhase section */

/* Begin PBXGroup section */
		2DD4BA89EB1101A557B15948 /* Frameworks */ = {
			isa = PBXGroup;
			children = (
				FB4C663098752E9AA4FBBE35 /* libPods-Fade.a */,
			);
			name = Frameworks;
			sourceTree = "<group>";
		};
		D5107E518173B0C90AA3C28F /* Pods */ = {
			isa = PBXGroup;
			children = (
				D370EB9938E58224CF3149B6 /* Pods-Fade.debug.xcconfig */,
				8EB8CACA88D3B6BAC5742223 /* Pods-Fade.release.xcconfig */,
			);
			name = Pods;
			sourceTree = "<group>";
		};
		E90BB8A71EA904FD00101D93 /* Resource */ = {
			isa = PBXGroup;
			children = (
				E90BB8A91EA905D900101D93 /* Fade.xcassets */,
			);
			path = Resource;
			sourceTree = "<group>";
		};
		E90BB8AB1EA906D900101D93 /* 业务 */ = {
			isa = PBXGroup;
			children = (
				E91E7D1D1EAA127800E786A7 /* app */,
				E91E7D5F1EAA127800E786A7 /* config */,
				E90BB8CF1EA9103C00101D93 /* Base */,
				E90BB8C81EA90C3A00101D93 /* Square */,
				E90BB8AC1EA9071600101D93 /* 我的 */,
				E90BB8AD1EA9071600101D93 /* Discovery */,
				E90BB8AE1EA9071600101D93 /* Home */,
				E90BB8AF1EA9071600101D93 /* Message */,
			);
			path = "业务";
			sourceTree = "<group>";
		};
		E90BB8AC1EA9071600101D93 /* 我的 */ = {
			isa = PBXGroup;
			children = (
				E90BB8BC1EA90C0700101D93 /* Controllers */,
				E90BB8BD1EA90C0700101D93 /* Models */,
				E90BB8BE1EA90C0700101D93 /* Views */,
			);
			path = "我的";
			sourceTree = "<group>";
		};
		E90BB8AD1EA9071600101D93 /* Discovery */ = {
			isa = PBXGroup;
			children = (
				E90BB8BF1EA90C1300101D93 /* Controllers */,
				E90BB8C01EA90C1300101D93 /* Models */,
				E90BB8C11EA90C1300101D93 /* Views */,
			);
			path = Discovery;
			sourceTree = "<group>";
		};
		E90BB8AE1EA9071600101D93 /* Home */ = {
			isa = PBXGroup;
			children = (
				E90BB8C21EA90C2100101D93 /* Controllers */,
				E90BB8C31EA90C2100101D93 /* Models */,
				E90BB8C41EA90C2100101D93 /* Views */,
			);
			path = Home;
			sourceTree = "<group>";
		};
		E90BB8AF1EA9071600101D93 /* Message */ = {
			isa = PBXGroup;
			children = (
				E90BB8C51EA90C2B00101D93 /* Controllers */,
				E90BB8C61EA90C2B00101D93 /* Models */,
				E90BB8C71EA90C2B00101D93 /* Views */,
			);
			path = Message;
			sourceTree = "<group>";
		};
		E90BB8BC1EA90C0700101D93 /* Controllers */ = {
			isa = PBXGroup;
			children = (
				E90BB8B91EA90B1200101D93 /* UserCenterViewController.h */,
				E90BB8BA1EA90B1200101D93 /* UserCenterViewController.m */,
			);
			path = Controllers;
			sourceTree = "<group>";
		};
		E90BB8BD1EA90C0700101D93 /* Models */ = {
			isa = PBXGroup;
			children = (
			);
			path = Models;
			sourceTree = "<group>";
		};
		E90BB8BE1EA90C0700101D93 /* Views */ = {
			isa = PBXGroup;
			children = (
			);
			path = Views;
			sourceTree = "<group>";
		};
		E90BB8BF1EA90C1300101D93 /* Controllers */ = {
			isa = PBXGroup;
			children = (
				E90BB8B31EA90AE800101D93 /* DiscoveryViewController.h */,
				E90BB8B41EA90AE800101D93 /* DiscoveryViewController.m */,
			);
			path = Controllers;
			sourceTree = "<group>";
		};
		E90BB8C01EA90C1300101D93 /* Models */ = {
			isa = PBXGroup;
			children = (
			);
			path = Models;
			sourceTree = "<group>";
		};
		E90BB8C11EA90C1300101D93 /* Views */ = {
			isa = PBXGroup;
			children = (
			);
			path = Views;
			sourceTree = "<group>";
		};
		E90BB8C21EA90C2100101D93 /* Controllers */ = {
			isa = PBXGroup;
			children = (
				E90BB8B01EA90ACB00101D93 /* HomeViewController.h */,
				E90BB8B11EA90ACB00101D93 /* HomeViewController.m */,
			);
			path = Controllers;
			sourceTree = "<group>";
		};
		E90BB8C31EA90C2100101D93 /* Models */ = {
			isa = PBXGroup;
			children = (
			);
			path = Models;
			sourceTree = "<group>";
		};
		E90BB8C41EA90C2100101D93 /* Views */ = {
			isa = PBXGroup;
			children = (
			);
			path = Views;
			sourceTree = "<group>";
		};
		E90BB8C51EA90C2B00101D93 /* Controllers */ = {
			isa = PBXGroup;
			children = (
				E90BB8B61EA90AFC00101D93 /* MessageViewController.h */,
				E90BB8B71EA90AFC00101D93 /* MessageViewController.m */,
			);
			path = Controllers;
			sourceTree = "<group>";
		};
		E90BB8C61EA90C2B00101D93 /* Models */ = {
			isa = PBXGroup;
			children = (
			);
			path = Models;
			sourceTree = "<group>";
		};
		E90BB8C71EA90C2B00101D93 /* Views */ = {
			isa = PBXGroup;
			children = (
			);
			path = Views;
			sourceTree = "<group>";
		};
		E90BB8C81EA90C3A00101D93 /* Square */ = {
			isa = PBXGroup;
			children = (
				E90BB8C91EA90C3A00101D93 /* Controllers */,
				E90BB8CA1EA90C3A00101D93 /* Models */,
				E90BB8CB1EA90C3A00101D93 /* Views */,
			);
			path = Square;
			sourceTree = "<group>";
		};
		E90BB8C91EA90C3A00101D93 /* Controllers */ = {
			isa = PBXGroup;
			children = (
				E90BB8CC1EA90C5200101D93 /* SquareViewController.h */,
				E90BB8CD1EA90C5200101D93 /* SquareViewController.m */,
			);
			path = Controllers;
			sourceTree = "<group>";
		};
		E90BB8CA1EA90C3A00101D93 /* Models */ = {
			isa = PBXGroup;
			children = (
			);
			path = Models;
			sourceTree = "<group>";
		};
		E90BB8CB1EA90C3A00101D93 /* Views */ = {
			isa = PBXGroup;
			children = (
			);
			path = Views;
			sourceTree = "<group>";
		};
		E90BB8CF1EA9103C00101D93 /* Base */ = {
			isa = PBXGroup;
			children = (
				E90BB8D01EA9103C00101D93 /* Views */,
			);
			path = Base;
			sourceTree = "<group>";
		};
		E90BB8D01EA9103C00101D93 /* Views */ = {
			isa = PBXGroup;
			children = (
				E91E7D071EAA11C300E786A7 /* 2017_04_20_071514_create_user_auths_table.php */,
				E91E7D081EAA11C300E786A7 /* 2017_04_20_093643_create_users_table.php */,
				E91E7D091EAA11C300E786A7 /* 2017_04_21_093352_create_hope_partner_table.php */,
				E91E7D0A1EAA11C300E786A7 /* 2017_04_21_093702_create_photos_table.php */,
				E91E7D0B1EAA11C300E786A7 /* 2017_04_21_093732_create_locations_table.php */,
				E91E7D0C1EAA11C300E786A7 /* 2017_04_21_093832_create_basic_status_table.php */,
				E91E7D0D1EAA11C300E786A7 /* 2017_04_21_093918_create_vip_status_table.php */,
				E91E7D0E1EAA11C300E786A7 /* 2017_04_21_094143_create_auth_house_status_table.php */,
				E91E7D0F1EAA11C300E786A7 /* 2017_04_21_094143_create_auth_identity_status_table.php */,
				E91E7D101EAA11C300E786A7 /* 2017_04_21_094144_create_auth_edu_status_table.php */,
				E91E7D111EAA11C300E786A7 /* 2017_04_21_094147_create_auth_job_status_table.php */,
				E90BB8D11EA9105000101D93 /* CYLPlusButtonSubclass.h */,
				E90BB8D21EA9105000101D93 /* CYLPlusButtonSubclass.m */,
			);
			path = Views;
			sourceTree = "<group>";
		};
		E91E7D1D1EAA127800E786A7 /* app */ = {
			isa = PBXGroup;
			children = (
				E91E7D1E1EAA127800E786A7 /* Admin */,
				E91E7D241EAA127800E786A7 /* Console */,
				E91E7D281EAA127800E786A7 /* Events */,
				E91E7D2A1EAA127800E786A7 /* Exceptions */,
				E91E7D2C1EAA127800E786A7 /* Http */,
				E91E7D531EAA127800E786A7 /* Jobs */,
				E91E7D551EAA127800E786A7 /* Listeners */,
				E91E7D571EAA127800E786A7 /* Policies */,
				E91E7D591EAA127800E786A7 /* Providers */,
				E91E7D5E1EAA127800E786A7 /* User.php */,
			);
			path = app;
			sourceTree = "<group>";
		};
		E91E7D1E1EAA127800E786A7 /* Admin */ = {
			isa = PBXGroup;
			children = (
				E91E7D1F1EAA127800E786A7 /* bootstrap.php */,
				E91E7D201EAA127800E786A7 /* Controllers */,
				E91E7D231EAA127800E786A7 /* routes.php */,
			);
			path = Admin;
			sourceTree = "<group>";
		};
		E91E7D201EAA127800E786A7 /* Controllers */ = {
			isa = PBXGroup;
			children = (
				E91E7D211EAA127800E786A7 /* ExampleController.php */,
				E91E7D221EAA127800E786A7 /* HomeController.php */,
			);
			path = Controllers;
			sourceTree = "<group>";
		};
		E91E7D241EAA127800E786A7 /* Console */ = {
			isa = PBXGroup;
			children = (
				E91E7D251EAA127800E786A7 /* Commands */,
				E91E7D271EAA127800E786A7 /* Kernel.php */,
			);
			path = Console;
			sourceTree = "<group>";
		};
		E91E7D251EAA127800E786A7 /* Commands */ = {
			isa = PBXGroup;
			children = (
				E91E7D261EAA127800E786A7 /* Inspire.php */,
			);
			path = Commands;
			sourceTree = "<group>";
		};
		E91E7D281EAA127800E786A7 /* Events */ = {
			isa = PBXGroup;
			children = (
				E91E7D291EAA127800E786A7 /* Event.php */,
			);
			path = Events;
			sourceTree = "<group>";
		};
		E91E7D2A1EAA127800E786A7 /* Exceptions */ = {
			isa = PBXGroup;
			children = (
				E91E7D2B1EAA127800E786A7 /* Handler.php */,
			);
			path = Exceptions;
			sourceTree = "<group>";
		};
		E91E7D2C1EAA127800E786A7 /* Http */ = {
			isa = PBXGroup;
			children = (
				E91E7D2D1EAA127800E786A7 /* ApiHelper.php */,
				E91E7D2E1EAA127800E786A7 /* Controllers */,
				E91E7D451EAA127800E786A7 /* Kernel.php */,
				E91E7D461EAA127800E786A7 /* Middleware */,
				E91E7D4F1EAA127800E786A7 /* Model */,
				E91E7D501EAA127800E786A7 /* Requests */,
				E91E7D521EAA127800E786A7 /* routes.php */,
			);
			path = Http;
			sourceTree = "<group>";
		};
		E91E7D2E1EAA127800E786A7 /* Controllers */ = {
			isa = PBXGroup;
			children = (
				E91E7D2F1EAA127800E786A7 /* Api */,
				E91E7D3F1EAA127800E786A7 /* Auth */,
				E91E7D421EAA127800E786A7 /* Controller.php */,
				E91E7D431EAA127800E786A7 /* PostController.php */,
				E91E7D441EAA127800E786A7 /* RequestController.php */,
			);
			path = Controllers;
			sourceTree = "<group>";
		};
		E91E7D2F1EAA127800E786A7 /* Api */ = {
			isa = PBXGroup;
			children = (
				E91E7D301EAA127800E786A7 /* AuthenticateController.php */,
				E91E7D311EAA127800E786A7 /* BaseController.php */,
				E91E7D321EAA127800E786A7 /* CategoryController.php */,
				E91E7D331EAA127800E786A7 /* CollectionController.php */,
				E91E7D341EAA127800E786A7 /* CommentController.php */,
				E91E7D351EAA127800E786A7 /* FeedbackController.php */,
				E91E7D361EAA127800E786A7 /* FriendController.php */,
				E91E7D371EAA127800E786A7 /* GrammarController.php */,
				E91E7D381EAA127800E786A7 /* LikeRecordController.php */,
				E91E7D391EAA127800E786A7 /* ManualController.php */,
				E91E7D3A1EAA127800E786A7 /* MessageRecordController.php */,
				E91E7D3B1EAA127800E786A7 /* OptionController.php */,
				E91E7D3C1EAA127800E786A7 /* TweetsController.php */,
				E91E7D3D1EAA127800E786A7 /* UserController.php */,
				E91E7D3E1EAA127800E786A7 /* VideoController.php */,
			);
			path = Api;
			sourceTree = "<group>";
		};
		E91E7D3F1EAA127800E786A7 /* Auth */ = {
			isa = PBXGroup;
			children = (
				E91E7D401EAA127800E786A7 /* AuthController.php */,
				E91E7D411EAA127800E786A7 /* PasswordController.php */,
			);
			path = Auth;
			sourceTree = "<group>";
		};
		E91E7D461EAA127800E786A7 /* Middleware */ = {
			isa = PBXGroup;
			children = (
				E91E7D471EAA127800E786A7 /* AdminLogin.php */,
				E91E7D481EAA127800E786A7 /* Authenticate.php */,
				E91E7D491EAA127800E786A7 /* CkeckRegister.php */,
				E91E7D4A1EAA127800E786A7 /* EncryptCookies.php */,
				E91E7D4B1EAA127800E786A7 /* GetUserFromToken.php */,
				E91E7D4C1EAA127800E786A7 /* RedirectIfAuthenticated.php */,
				E91E7D4D1EAA127800E786A7 /* TestMiddleware.php */,
				E91E7D4E1EAA127800E786A7 /* VerifyCsrfToken.php */,
			);
			path = Middleware;
			sourceTree = "<group>";
		};
		E91E7D4F1EAA127800E786A7 /* Model */ = {
			isa = PBXGroup;
			children = (
			);
			path = Model;
			sourceTree = "<group>";
		};
		E91E7D501EAA127800E786A7 /* Requests */ = {
			isa = PBXGroup;
			children = (
				E91E7D511EAA127800E786A7 /* Request.php */,
			);
			path = Requests;
			sourceTree = "<group>";
		};
		E91E7D531EAA127800E786A7 /* Jobs */ = {
			isa = PBXGroup;
			children = (
				E91E7D541EAA127800E786A7 /* Job.php */,
			);
			path = Jobs;
			sourceTree = "<group>";
		};
		E91E7D551EAA127800E786A7 /* Listeners */ = {
			isa = PBXGroup;
			children = (
				E91E7D561EAA127800E786A7 /* .gitkeep */,
			);
			path = Listeners;
			sourceTree = "<group>";
		};
		E91E7D571EAA127800E786A7 /* Policies */ = {
			isa = PBXGroup;
			children = (
				E91E7D581EAA127800E786A7 /* .gitkeep */,
			);
			path = Policies;
			sourceTree = "<group>";
		};
		E91E7D591EAA127800E786A7 /* Providers */ = {
			isa = PBXGroup;
			children = (
				E91E7D5A1EAA127800E786A7 /* AppServiceProvider.php */,
				E91E7D5B1EAA127800E786A7 /* AuthServiceProvider.php */,
				E91E7D5C1EAA127800E786A7 /* EventServiceProvider.php */,
				E91E7D5D1EAA127800E786A7 /* RouteServiceProvider.php */,
			);
			path = Providers;
			sourceTree = "<group>";
		};
		E91E7D5F1EAA127800E786A7 /* config */ = {
			isa = PBXGroup;
			children = (
				E91E7D601EAA127800E786A7 /* admin.php */,
				E91E7D611EAA127800E786A7 /* api.php */,
				E91E7D621EAA127800E786A7 /* app.php */,
				E91E7D631EAA127800E786A7 /* auth.php */,
				E91E7D641EAA127800E786A7 /* broadcasting.php */,
				E91E7D651EAA127800E786A7 /* cache.php */,
				E91E7D661EAA127800E786A7 /* compile.php */,
				E91E7D671EAA127800E786A7 /* database.php */,
				E91E7D681EAA127800E786A7 /* filesystems.php */,
				E91E7D691EAA127800E786A7 /* jwt.php */,
				E91E7D6A1EAA127800E786A7 /* mail.php */,
				E91E7D6B1EAA127800E786A7 /* queue.php */,
				E91E7D6C1EAA127800E786A7 /* services.php */,
				E91E7D6D1EAA127800E786A7 /* session.php */,
				E91E7D6E1EAA127800E786A7 /* view.php */,
			);
			path = config;
			sourceTree = "<group>";
		};
		E935C1BF1EA4F8C6006222D2 = {
			isa = PBXGroup;
			children = (
				E935C1CA1EA4F8C6006222D2 /* Fade */,
				E935C1E41EA4F8C7006222D2 /* FadeTests */,
				E935C1EF1EA4F8C7006222D2 /* FadeUITests */,
				E935C1C91EA4F8C6006222D2 /* Products */,
				D5107E518173B0C90AA3C28F /* Pods */,
				2DD4BA89EB1101A557B15948 /* Frameworks */,
			);
			sourceTree = "<group>";
		};
		E935C1C91EA4F8C6006222D2 /* Products */ = {
			isa = PBXGroup;
			children = (
				E935C1C81EA4F8C6006222D2 /* Fade.app */,
				E935C1E11EA4F8C7006222D2 /* FadeTests.xctest */,
				E935C1EC1EA4F8C7006222D2 /* FadeUITests.xctest */,
			);
			name = Products;
			sourceTree = "<group>";
		};
		E935C1CA1EA4F8C6006222D2 /* Fade */ = {
			isa = PBXGroup;
			children = (
				E90BB8AB1EA906D900101D93 /* 业务 */,
				E90BB8A71EA904FD00101D93 /* Resource */,
				E935C1CE1EA4F8C6006222D2 /* AppDelegate.h */,
				E935C1CF1EA4F8C6006222D2 /* AppDelegate.m */,
				E935C1D11EA4F8C6006222D2 /* ViewController.h */,
				E935C1D21EA4F8C6006222D2 /* ViewController.m */,
				E935C1D41EA4F8C6006222D2 /* Main.storyboard */,
				E935C1D71EA4F8C6006222D2 /* Assets.xcassets */,
				E935C1D91EA4F8C6006222D2 /* LaunchScreen.storyboard */,
				E935C1DC1EA4F8C6006222D2 /* Info.plist */,
				E935C1CB1EA4F8C6006222D2 /* Supporting Files */,
			);
			path = Fade;
			sourceTree = "<group>";
		};
		E935C1CB1EA4F8C6006222D2 /* Supporting Files */ = {
			isa = PBXGroup;
			children = (
				E935C1CC1EA4F8C6006222D2 /* main.m */,
			);
			name = "Supporting Files";
			sourceTree = "<group>";
		};
		E935C1E41EA4F8C7006222D2 /* FadeTests */ = {
			isa = PBXGroup;
			children = (
				E935C1E51EA4F8C7006222D2 /* FadeTests.m */,
				E935C1E71EA4F8C7006222D2 /* Info.plist */,
			);
			path = FadeTests;
			sourceTree = "<group>";
		};
		E935C1EF1EA4F8C7006222D2 /* FadeUITests */ = {
			isa = PBXGroup;
			children = (
				E935C1F01EA4F8C7006222D2 /* FadeUITests.m */,
				E935C1F21EA4F8C7006222D2 /* Info.plist */,
			);
			path = FadeUITests;
			sourceTree = "<group>";
		};
/* End PBXGroup section */

/* Begin PBXNativeTarget section */
		E935C1C71EA4F8C6006222D2 /* Fade */ = {
			isa = PBXNativeTarget;
			buildConfigurationList = E935C1F51EA4F8C7006222D2 /* Build configuration list for PBXNativeTarget "Fade" */;
			buildPhases = (
				1D4D08F31752E01FE35ECB1F /* [CP] Check Pods Manifest.lock */,
				E935C1C41EA4F8C6006222D2 /* Sources */,
				E935C1C51EA4F8C6006222D2 /* Frameworks */,
				E935C1C61EA4F8C6006222D2 /* Resources */,
				5108F909F88E260396586FE3 /* [CP] Embed Pods Frameworks */,
				9EE96292E9DA83F95F751983 /* [CP] Copy Pods Resources */,
			);
			buildRules = (
			);
			dependencies = (
			);
			name = Fade;
			productName = Fade;
			productReference = E935C1C81EA4F8C6006222D2 /* Fade.app */;
			productType = "com.apple.product-type.application";
		};
		E935C1E01EA4F8C7006222D2 /* FadeTests */ = {
			isa = PBXNativeTarget;
			buildConfigurationList = E935C1F81EA4F8C7006222D2 /* Build configuration list for PBXNativeTarget "FadeTests" */;
			buildPhases = (
				E935C1DD1EA4F8C7006222D2 /* Sources */,
				E935C1DE1EA4F8C7006222D2 /* Frameworks */,
				E935C1DF1EA4F8C7006222D2 /* Resources */,
			);
			buildRules = (
			);
			dependencies = (
				E935C1E31EA4F8C7006222D2 /* PBXTargetDependency */,
			);
			name = FadeTests;
			productName = FadeTests;
			productReference = E935C1E11EA4F8C7006222D2 /* FadeTests.xctest */;
			productType = "com.apple.product-type.bundle.unit-test";
		};
		E935C1EB1EA4F8C7006222D2 /* FadeUITests */ = {
			isa = PBXNativeTarget;
			buildConfigurationList = E935C1FB1EA4F8C7006222D2 /* Build configuration list for PBXNativeTarget "FadeUITests" */;
			buildPhases = (
				E935C1E81EA4F8C7006222D2 /* Sources */,
				E935C1E91EA4F8C7006222D2 /* Frameworks */,
				E935C1EA1EA4F8C7006222D2 /* Resources */,
			);
			buildRules = (
			);
			dependencies = (
				E935C1EE1EA4F8C7006222D2 /* PBXTargetDependency */,
			);
			name = FadeUITests;
			productName = FadeUITests;
			productReference = E935C1EC1EA4F8C7006222D2 /* FadeUITests.xctest */;
			productType = "com.apple.product-type.bundle.ui-testing";
		};
/* End PBXNativeTarget section */

/* Begin PBXProject section */
		E935C1C01EA4F8C6006222D2 /* Project object */ = {
			isa = PBXProject;
			attributes = {
				LastUpgradeCheck = 0730;
				ORGANIZATIONNAME = liuxukun;
				TargetAttributes = {
					E935C1C71EA4F8C6006222D2 = {
						CreatedOnToolsVersion = 7.3.1;
					};
					E935C1E01EA4F8C7006222D2 = {
						CreatedOnToolsVersion = 7.3.1;
						TestTargetID = E935C1C71EA4F8C6006222D2;
					};
					E935C1EB1EA4F8C7006222D2 = {
						CreatedOnToolsVersion = 7.3.1;
						TestTargetID = E935C1C71EA4F8C6006222D2;
					};
				};
			};
			buildConfigurationList = E935C1C31EA4F8C6006222D2 /* Build configuration list for PBXProject "Fade" */;
			compatibilityVersion = "Xcode 3.2";
			developmentRegion = English;
			hasScannedForEncodings = 0;
			knownRegions = (
				en,
				Base,
			);
			mainGroup = E935C1BF1EA4F8C6006222D2;
			productRefGroup = E935C1C91EA4F8C6006222D2 /* Products */;
			projectDirPath = "";
			projectRoot = "";
			targets = (
				E935C1C71EA4F8C6006222D2 /* Fade */,
				E935C1E01EA4F8C7006222D2 /* FadeTests */,
				E935C1EB1EA4F8C7006222D2 /* FadeUITests */,
			);
		};
/* End PBXProject section */

/* Begin PBXResourcesBuildPhase section */
		E935C1C61EA4F8C6006222D2 /* Resources */ = {
			isa = PBXResourcesBuildPhase;
			buildActionMask = 2147483647;
			files = (
				E91E7D951EAA127800E786A7 /* Request.php in Resources */,
				E91E7D881EAA127800E786A7 /* PasswordController.php in Resources */,
				E91E7D721EAA127800E786A7 /* routes.php in Resources */,
				E91E7D1A1EAA11C300E786A7 /* 2017_04_21_094143_create_auth_identity_status_table.php in Resources */,
				E91E7DA81EAA127800E786A7 /* jwt.php in Resources */,
				E91E7D6F1EAA127800E786A7 /* bootstrap.php in Resources */,
				E91E7D8C1EAA127800E786A7 /* Kernel.php in Resources */,
				E91E7DA11EAA127800E786A7 /* app.php in Resources */,
				E91E7DA31EAA127800E786A7 /* broadcasting.php in Resources */,
				E91E7D1B1EAA11C300E786A7 /* 2017_04_21_094144_create_auth_edu_status_table.php in Resources */,
				E91E7D701EAA127800E786A7 /* ExampleController.php in Resources */,
				E91E7D9F1EAA127800E786A7 /* admin.php in Resources */,
				E91E7D151EAA11C300E786A7 /* 2017_04_21_093702_create_photos_table.php in Resources */,
				E91E7D7A1EAA127800E786A7 /* CategoryController.php in Resources */,
				E935C1DB1EA4F8C6006222D2 /* LaunchScreen.storyboard in Resources */,
				E91E7D791EAA127800E786A7 /* BaseController.php in Resources */,
				E91E7D1C1EAA11C300E786A7 /* 2017_04_21_094147_create_auth_job_status_table.php in Resources */,
				E91E7D8D1EAA127800E786A7 /* AdminLogin.php in Resources */,
				E90BB8AA1EA905D900101D93 /* Fade.xcassets in Resources */,
				E91E7D801EAA127800E786A7 /* LikeRecordController.php in Resources */,
				E91E7D811EAA127800E786A7 /* ManualController.php in Resources */,
				E91E7D121EAA11C300E786A7 /* 2017_04_20_071514_create_user_auths_table.php in Resources */,
				E91E7D711EAA127800E786A7 /* HomeController.php in Resources */,
				E91E7DA41EAA127800E786A7 /* cache.php in Resources */,
				E91E7D9A1EAA127800E786A7 /* AppServiceProvider.php in Resources */,
				E91E7D8B1EAA127800E786A7 /* RequestController.php in Resources */,
				E91E7D961EAA127800E786A7 /* routes.php in Resources */,
				E91E7DA21EAA127800E786A7 /* auth.php in Resources */,
				E91E7D891EAA127800E786A7 /* Controller.php in Resources */,
				E91E7D8A1EAA127800E786A7 /* PostController.php in Resources */,
				E91E7DAB1EAA127800E786A7 /* services.php in Resources */,
				E91E7DA71EAA127800E786A7 /* filesystems.php in Resources */,
				E91E7D851EAA127800E786A7 /* UserController.php in Resources */,
				E91E7D731EAA127800E786A7 /* Inspire.php in Resources */,
				E935C1D81EA4F8C6006222D2 /* Assets.xcassets in Resources */,
				E91E7D9C1EAA127800E786A7 /* EventServiceProvider.php in Resources */,
				E91E7D781EAA127800E786A7 /* AuthenticateController.php in Resources */,
				E91E7D761EAA127800E786A7 /* Handler.php in Resources */,
				E91E7D181EAA11C300E786A7 /* 2017_04_21_093918_create_vip_status_table.php in Resources */,
				E91E7D991EAA127800E786A7 /* .gitkeep in Resources */,
				E91E7D9B1EAA127800E786A7 /* AuthServiceProvider.php in Resources */,
				E91E7D191EAA11C300E786A7 /* 2017_04_21_094143_create_auth_house_status_table.php in Resources */,
				E91E7D8E1EAA127800E786A7 /* Authenticate.php in Resources */,
				E91E7D7D1EAA127800E786A7 /* FeedbackController.php in Resources */,
				E91E7D971EAA127800E786A7 /* Job.php in Resources */,
				E91E7DAA1EAA127800E786A7 /* queue.php in Resources */,
				E91E7DA51EAA127800E786A7 /* compile.php in Resources */,
				E935C1D61EA4F8C6006222D2 /* Main.storyboard in Resources */,
				E91E7D841EAA127800E786A7 /* TweetsController.php in Resources */,
				E91E7DA91EAA127800E786A7 /* mail.php in Resources */,
				E91E7D741EAA127800E786A7 /* Kernel.php in Resources */,
				E91E7D7F1EAA127800E786A7 /* GrammarController.php in Resources */,
				E91E7D141EAA11C300E786A7 /* 2017_04_21_093352_create_hope_partner_table.php in Resources */,
				E91E7D821EAA127800E786A7 /* MessageRecordController.php in Resources */,
				E91E7D7B1EAA127800E786A7 /* CollectionController.php in Resources */,
				E91E7D901EAA127800E786A7 /* EncryptCookies.php in Resources */,
				E91E7D871EAA127800E786A7 /* AuthController.php in Resources */,
				E91E7D981EAA127800E786A7 /* .gitkeep in Resources */,
				E91E7D161EAA11C300E786A7 /* 2017_04_21_093732_create_locations_table.php in Resources */,
				E91E7DAD1EAA127800E786A7 /* view.php in Resources */,
				E91E7D171EAA11C300E786A7 /* 2017_04_21_093832_create_basic_status_table.php in Resources */,
				E91E7D7E1EAA127800E786A7 /* FriendController.php in Resources */,
				E91E7D861EAA127800E786A7 /* VideoController.php in Resources */,
				E91E7DA01EAA127800E786A7 /* api.php in Resources */,
				E91E7D771EAA127800E786A7 /* ApiHelper.php in Resources */,
				E91E7D941EAA127800E786A7 /* VerifyCsrfToken.php in Resources */,
				E91E7D911EAA127800E786A7 /* GetUserFromToken.php in Resources */,
				E91E7D131EAA11C300E786A7 /* 2017_04_20_093643_create_users_table.php in Resources */,
				E91E7D9D1EAA127800E786A7 /* RouteServiceProvider.php in Resources */,
				E91E7D921EAA127800E786A7 /* RedirectIfAuthenticated.php in Resources */,
				E91E7D9E1EAA127800E786A7 /* User.php in Resources */,
				E91E7D751EAA127800E786A7 /* Event.php in Resources */,
				E91E7D8F1EAA127800E786A7 /* CkeckRegister.php in Resources */,
				E91E7D7C1EAA127800E786A7 /* CommentController.php in Resources */,
				E91E7DAC1EAA127800E786A7 /* session.php in Resources */,
				E91E7D931EAA127800E786A7 /* TestMiddleware.php in Resources */,
				E91E7DA61EAA127800E786A7 /* database.php in Resources */,
				E91E7D831EAA127800E786A7 /* OptionController.php in Resources */,
			);
			runOnlyForDeploymentPostprocessing = 0;
		};
		E935C1DF1EA4F8C7006222D2 /* Resources */ = {
			isa = PBXResourcesBuildPhase;
			buildActionMask = 2147483647;
			files = (
			);
			runOnlyForDeploymentPostprocessing = 0;
		};
		E935C1EA1EA4F8C7006222D2 /* Resources */ = {
			isa = PBXResourcesBuildPhase;
			buildActionMask = 2147483647;
			files = (
			);
			runOnlyForDeploymentPostprocessing = 0;
		};
/* End PBXResourcesBuildPhase section */

/* Begin PBXShellScriptBuildPhase section */
		1D4D08F31752E01FE35ECB1F /* [CP] Check Pods Manifest.lock */ = {
			isa = PBXShellScriptBuildPhase;
			buildActionMask = 2147483647;
			files = (
			);
			inputPaths = (
			);
			name = "[CP] Check Pods Manifest.lock";
			outputPaths = (
			);
			runOnlyForDeploymentPostprocessing = 0;
			shellPath = /bin/sh;
			shellScript = "diff \"${PODS_ROOT}/../Podfile.lock\" \"${PODS_ROOT}/Manifest.lock\" > /dev/null\nif [ $? != 0 ] ; then\n    # print error to STDERR\n    echo \"error: The sandbox is not in sync with the Podfile.lock. Run 'pod install' or update your CocoaPods installation.\" >&2\n    exit 1\nfi\n";
			showEnvVarsInLog = 0;
		};
		5108F909F88E260396586FE3 /* [CP] Embed Pods Frameworks */ = {
			isa = PBXShellScriptBuildPhase;
			buildActionMask = 2147483647;
			files = (
			);
			inputPaths = (
			);
			name = "[CP] Embed Pods Frameworks";
			outputPaths = (
			);
			runOnlyForDeploymentPostprocessing = 0;
			shellPath = /bin/sh;
			shellScript = "\"${SRCROOT}/Pods/Target Support Files/Pods-Fade/Pods-Fade-frameworks.sh\"\n";
			showEnvVarsInLog = 0;
		};
		9EE96292E9DA83F95F751983 /* [CP] Copy Pods Resources */ = {
			isa = PBXShellScriptBuildPhase;
			buildActionMask = 2147483647;
			files = (
			);
			inputPaths = (
			);
			name = "[CP] Copy Pods Resources";
			outputPaths = (
			);
			runOnlyForDeploymentPostprocessing = 0;
			shellPath = /bin/sh;
			shellScript = "\"${SRCROOT}/Pods/Target Support Files/Pods-Fade/Pods-Fade-resources.sh\"\n";
			showEnvVarsInLog = 0;
		};
/* End PBXShellScriptBuildPhase section */

/* Begin PBXSourcesBuildPhase section */
		E935C1C41EA4F8C6006222D2 /* Sources */ = {
			isa = PBXSourcesBuildPhase;
			buildActionMask = 2147483647;
			files = (
				E90BB8D31EA9105000101D93 /* CYLPlusButtonSubclass.m in Sources */,
				E90BB8B81EA90AFC00101D93 /* MessageViewController.m in Sources */,
				E90BB8CE1EA90C5200101D93 /* SquareViewController.m in Sources */,
				E935C1D31EA4F8C6006222D2 /* ViewController.m in Sources */,
				E90BB8BB1EA90B1200101D93 /* UserCenterViewController.m in Sources */,
				E935C1D01EA4F8C6006222D2 /* AppDelegate.m in Sources */,
				E935C1CD1EA4F8C6006222D2 /* main.m in Sources */,
				E90BB8B21EA90ACB00101D93 /* HomeViewController.m in Sources */,
				E90BB8B51EA90AE800101D93 /* DiscoveryViewController.m in Sources */,
			);
			runOnlyForDeploymentPostprocessing = 0;
		};
		E935C1DD1EA4F8C7006222D2 /* Sources */ = {
			isa = PBXSourcesBuildPhase;
			buildActionMask = 2147483647;
			files = (
				E935C1E61EA4F8C7006222D2 /* FadeTests.m in Sources */,
			);
			runOnlyForDeploymentPostprocessing = 0;
		};
		E935C1E81EA4F8C7006222D2 /* Sources */ = {
			isa = PBXSourcesBuildPhase;
			buildActionMask = 2147483647;
			files = (
				E935C1F11EA4F8C7006222D2 /* FadeUITests.m in Sources */,
			);
			runOnlyForDeploymentPostprocessing = 0;
		};
/* End PBXSourcesBuildPhase section */

/* Begin PBXTargetDependency section */
		E935C1E31EA4F8C7006222D2 /* PBXTargetDependency */ = {
			isa = PBXTargetDependency;
			target = E935C1C71EA4F8C6006222D2 /* Fade */;
			targetProxy = E935C1E21EA4F8C7006222D2 /* PBXContainerItemProxy */;
		};
		E935C1EE1EA4F8C7006222D2 /* PBXTargetDependency */ = {
			isa = PBXTargetDependency;
			target = E935C1C71EA4F8C6006222D2 /* Fade */;
			targetProxy = E935C1ED1EA4F8C7006222D2 /* PBXContainerItemProxy */;
		};
/* End PBXTargetDependency section */

/* Begin PBXVariantGroup section */
		E935C1D41EA4F8C6006222D2 /* Main.storyboard */ = {
			isa = PBXVariantGroup;
			children = (
				E935C1D51EA4F8C6006222D2 /* Base */,
			);
			name = Main.storyboard;
			sourceTree = "<group>";
		};
		E935C1D91EA4F8C6006222D2 /* LaunchScreen.storyboard */ = {
			isa = PBXVariantGroup;
			children = (
				E935C1DA1EA4F8C6006222D2 /* Base */,
			);
			name = LaunchScreen.storyboard;
			sourceTree = "<group>";
		};
/* End PBXVariantGroup section */

/* Begin XCBuildConfiguration section */
		E935C1F31EA4F8C7006222D2 /* Debug */ = {
			isa = XCBuildConfiguration;
			buildSettings = {
				ALWAYS_SEARCH_USER_PATHS = NO;
				CLANG_ANALYZER_NONNULL = YES;
				CLANG_CXX_LANGUAGE_STANDARD = "gnu++0x";
				CLANG_CXX_LIBRARY = "libc++";
				CLANG_ENABLE_MODULES = YES;
				CLANG_ENABLE_OBJC_ARC = YES;
				CLANG_WARN_BOOL_CONVERSION = YES;
				CLANG_WARN_CONSTANT_CONVERSION = YES;
				CLANG_WARN_DIRECT_OBJC_ISA_USAGE = YES_ERROR;
				CLANG_WARN_EMPTY_BODY = YES;
				CLANG_WARN_ENUM_CONVERSION = YES;
				CLANG_WARN_INT_CONVERSION = YES;
				CLANG_WARN_OBJC_ROOT_CLASS = YES_ERROR;
				CLANG_WARN_UNREACHABLE_CODE = YES;
				CLANG_WARN__DUPLICATE_METHOD_MATCH = YES;
				"CODE_SIGN_IDENTITY[sdk=iphoneos*]" = "iPhone Developer";
				COPY_PHASE_STRIP = NO;
				DEBUG_INFORMATION_FORMAT = dwarf;
				ENABLE_STRICT_OBJC_MSGSEND = YES;
				ENABLE_TESTABILITY = YES;
				GCC_C_LANGUAGE_STANDARD = gnu99;
				GCC_DYNAMIC_NO_PIC = NO;
				GCC_NO_COMMON_BLOCKS = YES;
				GCC_OPTIMIZATION_LEVEL = 0;
				GCC_PREPROCESSOR_DEFINITIONS = (
					"DEBUG=1",
					"$(inherited)",
				);
				GCC_WARN_64_TO_32_BIT_CONVERSION = YES;
				GCC_WARN_ABOUT_RETURN_TYPE = YES_ERROR;
				GCC_WARN_UNDECLARED_SELECTOR = YES;
				GCC_WARN_UNINITIALIZED_AUTOS = YES_AGGRESSIVE;
				GCC_WARN_UNUSED_FUNCTION = YES;
				GCC_WARN_UNUSED_VARIABLE = YES;
				IPHONEOS_DEPLOYMENT_TARGET = 9.3;
				MTL_ENABLE_DEBUG_INFO = YES;
				ONLY_ACTIVE_ARCH = YES;
				SDKROOT = iphoneos;
			};
			name = Debug;
		};
		E935C1F41EA4F8C7006222D2 /* Release */ = {
			isa = XCBuildConfiguration;
			buildSettings = {
				ALWAYS_SEARCH_USER_PATHS = NO;
				CLANG_ANALYZER_NONNULL = YES;
				CLANG_CXX_LANGUAGE_STANDARD = "gnu++0x";
				CLANG_CXX_LIBRARY = "libc++";
				CLANG_ENABLE_MODULES = YES;
				CLANG_ENABLE_OBJC_ARC = YES;
				CLANG_WARN_BOOL_CONVERSION = YES;
				CLANG_WARN_CONSTANT_CONVERSION = YES;
				CLANG_WARN_DIRECT_OBJC_ISA_USAGE = YES_ERROR;
				CLANG_WARN_EMPTY_BODY = YES;
				CLANG_WARN_ENUM_CONVERSION = YES;
				CLANG_WARN_INT_CONVERSION = YES;
				CLANG_WARN_OBJC_ROOT_CLASS = YES_ERROR;
				CLANG_WARN_UNREACHABLE_CODE = YES;
				CLANG_WARN__DUPLICATE_METHOD_MATCH = YES;
				"CODE_SIGN_IDENTITY[sdk=iphoneos*]" = "iPhone Developer";
				COPY_PHASE_STRIP = NO;
				DEBUG_INFORMATION_FORMAT = "dwarf-with-dsym";
				ENABLE_NS_ASSERTIONS = NO;
				ENABLE_STRICT_OBJC_MSGSEND = YES;
				GCC_C_LANGUAGE_STANDARD = gnu99;
				GCC_NO_COMMON_BLOCKS = YES;
				GCC_WARN_64_TO_32_BIT_CONVERSION = YES;
				GCC_WARN_ABOUT_RETURN_TYPE = YES_ERROR;
				GCC_WARN_UNDECLARED_SELECTOR = YES;
				GCC_WARN_UNINITIALIZED_AUTOS = YES_AGGRESSIVE;
				GCC_WARN_UNUSED_FUNCTION = YES;
				GCC_WARN_UNUSED_VARIABLE = YES;
				IPHONEOS_DEPLOYMENT_TARGET = 9.3;
				MTL_ENABLE_DEBUG_INFO = NO;
				SDKROOT = iphoneos;
				VALIDATE_PRODUCT = YES;
			};
			name = Release;
		};
		E935C1F61EA4F8C7006222D2 /* Debug */ = {
			isa = XCBuildConfiguration;
			baseConfigurationReference = D370EB9938E58224CF3149B6 /* Pods-Fade.debug.xcconfig */;
			buildSettings = {
				ASSETCATALOG_COMPILER_APPICON_NAME = AppIcon;
				INFOPLIST_FILE = Fade/Info.plist;
				LD_RUNPATH_SEARCH_PATHS = "$(inherited) @executable_path/Frameworks";
				PRODUCT_BUNDLE_IDENTIFIER = chinasofti.Fade;
				PRODUCT_NAME = "$(TARGET_NAME)";
			};
			name = Debug;
		};
		E935C1F71EA4F8C7006222D2 /* Release */ = {
			isa = XCBuildConfiguration;
			baseConfigurationReference = 8EB8CACA88D3B6BAC5742223 /* Pods-Fade.release.xcconfig */;
			buildSettings = {
				ASSETCATALOG_COMPILER_APPICON_NAME = AppIcon;
				INFOPLIST_FILE = Fade/Info.plist;
				LD_RUNPATH_SEARCH_PATHS = "$(inherited) @executable_path/Frameworks";
				PRODUCT_BUNDLE_IDENTIFIER = chinasofti.Fade;
				PRODUCT_NAME = "$(TARGET_NAME)";
			};
			name = Release;
		};
		E935C1F91EA4F8C7006222D2 /* Debug */ = {
			isa = XCBuildConfiguration;
			buildSettings = {
				BUNDLE_LOADER = "$(TEST_HOST)";
				INFOPLIST_FILE = FadeTests/Info.plist;
				LD_RUNPATH_SEARCH_PATHS = "$(inherited) @executable_path/Frameworks @loader_path/Frameworks";
				PRODUCT_BUNDLE_IDENTIFIER = chinasofti.FadeTests;
				PRODUCT_NAME = "$(TARGET_NAME)";
				TEST_HOST = "$(BUILT_PRODUCTS_DIR)/Fade.app/Fade";
			};
			name = Debug;
		};
		E935C1FA1EA4F8C7006222D2 /* Release */ = {
			isa = XCBuildConfiguration;
			buildSettings = {
				BUNDLE_LOADER = "$(TEST_HOST)";
				INFOPLIST_FILE = FadeTests/Info.plist;
				LD_RUNPATH_SEARCH_PATHS = "$(inherited) @executable_path/Frameworks @loader_path/Frameworks";
				PRODUCT_BUNDLE_IDENTIFIER = chinasofti.FadeTests;
				PRODUCT_NAME = "$(TARGET_NAME)";
				TEST_HOST = "$(BUILT_PRODUCTS_DIR)/Fade.app/Fade";
			};
			name = Release;
		};
		E935C1FC1EA4F8C7006222D2 /* Debug */ = {
			isa = XCBuildConfiguration;
			buildSettings = {
				INFOPLIST_FILE = FadeUITests/Info.plist;
				LD_RUNPATH_SEARCH_PATHS = "$(inherited) @executable_path/Frameworks @loader_path/Frameworks";
				PRODUCT_BUNDLE_IDENTIFIER = chinasofti.FadeUITests;
				PRODUCT_NAME = "$(TARGET_NAME)";
				TEST_TARGET_NAME = Fade;
			};
			name = Debug;
		};
		E935C1FD1EA4F8C7006222D2 /* Release */ = {
			isa = XCBuildConfiguration;
			buildSettings = {
				INFOPLIST_FILE = FadeUITests/Info.plist;
				LD_RUNPATH_SEARCH_PATHS = "$(inherited) @executable_path/Frameworks @loader_path/Frameworks";
				PRODUCT_BUNDLE_IDENTIFIER = chinasofti.FadeUITests;
				PRODUCT_NAME = "$(TARGET_NAME)";
				TEST_TARGET_NAME = Fade;
			};
			name = Release;
		};
/* End XCBuildConfiguration section */

/* Begin XCConfigurationList section */
		E935C1C31EA4F8C6006222D2 /* Build configuration list for PBXProject "Fade" */ = {
			isa = XCConfigurationList;
			buildConfigurations = (
				E935C1F31EA4F8C7006222D2 /* Debug */,
				E935C1F41EA4F8C7006222D2 /* Release */,
			);
			defaultConfigurationIsVisible = 0;
			defaultConfigurationName = Release;
		};
		E935C1F51EA4F8C7006222D2 /* Build configuration list for PBXNativeTarget "Fade" */ = {
			isa = XCConfigurationList;
			buildConfigurations = (
				E935C1F61EA4F8C7006222D2 /* Debug */,
				E935C1F71EA4F8C7006222D2 /* Release */,
			);
			defaultConfigurationIsVisible = 0;
			defaultConfigurationName = Release;
		};
		E935C1F81EA4F8C7006222D2 /* Build configuration list for PBXNativeTarget "FadeTests" */ = {
			isa = XCConfigurationList;
			buildConfigurations = (
				E935C1F91EA4F8C7006222D2 /* Debug */,
				E935C1FA1EA4F8C7006222D2 /* Release */,
			);
			defaultConfigurationIsVisible = 0;
			defaultConfigurationName = Release;
		};
		E935C1FB1EA4F8C7006222D2 /* Build configuration list for PBXNativeTarget "FadeUITests" */ = {
			isa = XCConfigurationList;
			buildConfigurations = (
				E935C1FC1EA4F8C7006222D2 /* Debug */,
				E935C1FD1EA4F8C7006222D2 /* Release */,
			);
			defaultConfigurationIsVisible = 0;
			defaultConfigurationName = Release;
		};
/* End XCConfigurationList section */
	};
	rootObject = E935C1C01EA4F8C6006222D2 /* Project object */;
}
